// !$*UTF8*$!
{
	archiveVersion = 1;
	classes = {
	};
	objectVersion = 46;
	objects = {
/* Begin PBXBuildFile section */
		0207DA581B56EA530066E2B4 /* Images.xcassets in Resources */ = {isa = PBXBuildFile; fileRef = 0207DA571B56EA530066E2B4 /* Images.xcassets */; };
		1D3623260D0F684500981E51 /* AppDelegate.m in Sources */ = {isa = PBXBuildFile; fileRef = 1D3623250D0F684500981E51 /* AppDelegate.m */; };
		1D60589B0D05DD56006BFB54 /* main.m in Sources */ = {isa = PBXBuildFile; fileRef = 29B97316FDCFA39411CA2CEA /* main.m */; };
		301BF552109A68D80062928A /* libCordova.a in Frameworks */ = {isa = PBXBuildFile; fileRef = 301BF535109A57CC0062928A /* libCordova.a */; };
		302D95F114D2391D003F00A1 /* MainViewController.m in Sources */ = {isa = PBXBuildFile; fileRef = 302D95EF14D2391D003F00A1 /* MainViewController.m */; };
		302D95F214D2391D003F00A1 /* MainViewController.xib in Resources */ = {isa = PBXBuildFile; fileRef = 302D95F014D2391D003F00A1 /* MainViewController.xib */; };
		3047A5121AB8059700498E2A /* build-debug.xcconfig in Resources */ = {isa = PBXBuildFile; fileRef = 3047A50F1AB8059700498E2A /* build-debug.xcconfig */; };
		3047A5131AB8059700498E2A /* build-release.xcconfig in Resources */ = {isa = PBXBuildFile; fileRef = 3047A5101AB8059700498E2A /* build-release.xcconfig */; };
		3047A5141AB8059700498E2A /* build.xcconfig in Resources */ = {isa = PBXBuildFile; fileRef = 3047A5111AB8059700498E2A /* build.xcconfig */; };
		6AFF5BF91D6E424B00AB3073 /* CDVLaunchScreen.storyboard in Resources */ = {isa = PBXBuildFile; fileRef = 6AFF5BF81D6E424B00AB3073 /* CDVLaunchScreen.storyboard */; };
		1762EF0B9B274E8EA9361B20 /* AppDelegate+notification.m in Sources */ = {isa = PBXBuildFile; fileRef = F5672B713E2446D0B80156DD /* AppDelegate+notification.m */; };
		423A589E5C8D464290BB92B6 /* PushPlugin.m in Sources */ = {isa = PBXBuildFile; fileRef = AEE71CD1DA66458C9D2191FD /* PushPlugin.m */; };
		C6BDB7B4B7B3448194D09A41 /* libGGLCloudMessaging.a in Frameworks */ = {isa = PBXBuildFile; fileRef = 5F8C09D1E3224196BD2B7623 /* libGGLCloudMessaging.a */; };
		FBBE9CB9BA8140709CAD7764 /* libGGLCore.a in Frameworks */ = {isa = PBXBuildFile; fileRef = 878ED4B0F4BF46A292F4AB99 /* libGGLCore.a */; };
		B128EFB0E09C486B869B6B12 /* libGGLInstanceIDLib.a in Frameworks */ = {isa = PBXBuildFile; fileRef = D31A042C748247229CF52144 /* libGGLInstanceIDLib.a */; };
		F0C768E8979149EFB9BAB612 /* libGIP_Reachability.a in Frameworks */ = {isa = PBXBuildFile; fileRef = E27735BD7A224526AED36EFE /* libGIP_Reachability.a */; };
		EB1A4A8D2ADD4548A146E882 /* libGSDK_Overload.a in Frameworks */ = {isa = PBXBuildFile; fileRef = 59BF111C68CC4C5D99EA8A18 /* libGSDK_Overload.a */; };
		7854EFC7E6B741478E1174F7 /* libGTMSessionFetcher_core.a in Frameworks */ = {isa = PBXBuildFile; fileRef = 59AEFAEA61554D29BC9A1EAB /* libGTMSessionFetcher_core.a */; };
		F329D7B36BBD4F6CB3670F4E /* libGTMSessionFetcher_full.a in Frameworks */ = {isa = PBXBuildFile; fileRef = 0281B1BF68584AE18AA9A5CF /* libGTMSessionFetcher_full.a */; };
		9F1247EA21FC47CD8D0EC529 /* libGTMStackTrace.a in Frameworks */ = {isa = PBXBuildFile; fileRef = 52052DAAAB3C43BF9D67DF1A /* libGTMStackTrace.a */; };
		BF64A4D82D4F44F2B408E75F /* libGTM_AddressBook.a in Frameworks */ = {isa = PBXBuildFile; fileRef = 8DCAF764842A47318E52D86D /* libGTM_AddressBook.a */; };
		80B5CF86969347FE823A7787 /* libGTM_DebugUtils.a in Frameworks */ = {isa = PBXBuildFile; fileRef = 5DE5D70114A3453E9BF0D330 /* libGTM_DebugUtils.a */; };
		B1E864F1EB7B40BEBE84EDDC /* libGTM_GTMURLBuilder.a in Frameworks */ = {isa = PBXBuildFile; fileRef = 5AB7452AD8E54B0395FCB14A /* libGTM_GTMURLBuilder.a */; };
		9593863233C04569891414C3 /* libGTM_KVO.a in Frameworks */ = {isa = PBXBuildFile; fileRef = 0C8EA2ECB5954AC0A23F0830 /* libGTM_KVO.a */; };
		30154B1EBB79483A8B5B97C9 /* libGTM_NSData+zlib.a in Frameworks */ = {isa = PBXBuildFile; fileRef = 48860A09ECBB4B67A1B4B85A /* libGTM_NSData+zlib.a */; };
		450E5EA7599F4CA28F94C85C /* libGTM_NSDictionary+URLArguments.a in Frameworks */ = {isa = PBXBuildFile; fileRef = 8CB6D9D589C34017AC3F50EB /* libGTM_NSDictionary+URLArguments.a */; };
		BAA05F384F584876ACC3B27C /* libGTM_NSScannerJSON.a in Frameworks */ = {isa = PBXBuildFile; fileRef = 7853A94D6E99460194100627 /* libGTM_NSScannerJSON.a */; };
		54563874D6F142B38BBCFE19 /* libGTM_NSStringHTML.a in Frameworks */ = {isa = PBXBuildFile; fileRef = 2D456CAABBB14506851983CE /* libGTM_NSStringHTML.a */; };
		69391BC40AD1407DA27C4F8E /* libGTM_NSStringXML.a in Frameworks */ = {isa = PBXBuildFile; fileRef = 6836A739BEFB4A3EA0843885 /* libGTM_NSStringXML.a */; };
		3E790FAB0E604791882A39D0 /* libGTM_Regex.a in Frameworks */ = {isa = PBXBuildFile; fileRef = E98FAAEB099B447CA7CD332C /* libGTM_Regex.a */; };
		53FDEE0B659145F3B3169F35 /* libGTM_RoundedRectPath.a in Frameworks */ = {isa = PBXBuildFile; fileRef = 5F79447C7EBC465DA167E640 /* libGTM_RoundedRectPath.a */; };
		A6100BB57CFB457791DBF569 /* libGTM_StringEncoding.a in Frameworks */ = {isa = PBXBuildFile; fileRef = 7B72CB529DAB446A8F979CB4 /* libGTM_StringEncoding.a */; };
		E548F4024BB74A92B9461534 /* libGTM_SystemVersion.a in Frameworks */ = {isa = PBXBuildFile; fileRef = F6E28BC15A7F48C5B263D387 /* libGTM_SystemVersion.a */; };
		FD7B81D02901470E94A8BAF5 /* libGTM_UIFont+LineHeight.a in Frameworks */ = {isa = PBXBuildFile; fileRef = 71E770F91AC148D9A090B312 /* libGTM_UIFont+LineHeight.a */; };
		E0D9C5429A40481C8269E9A3 /* libGTM_core.a in Frameworks */ = {isa = PBXBuildFile; fileRef = E444F694811845E987370B9C /* libGTM_core.a */; };
		4B7459637AF3498DB1088B6D /* libGTM_iPhone.a in Frameworks */ = {isa = PBXBuildFile; fileRef = 6A96C2F40BC243828CDBBD7D /* libGTM_iPhone.a */; };
		471150BB988D44BFA2F1328E /* libGcmLib.a in Frameworks */ = {isa = PBXBuildFile; fileRef = CADB020495514040BFC75DE9 /* libGcmLib.a */; };
		55DE7C9050B64BA5A69777B9 /* libProtocolBuffers.a in Frameworks */ = {isa = PBXBuildFile; fileRef = 8D4492AC895E4C5C91300C1E /* libProtocolBuffers.a */; };
		C51A33EB578A45E0A75AD4C1 /* AddressBook.framework in Frameworks */ = {isa = PBXBuildFile; fileRef = A504429B2395414C94999CF1 /* AddressBook.framework */; };
		D8D7241B99D84BEC8AFAC8F3 /* libsqlite3.tbd in Frameworks */ = {isa = PBXBuildFile; fileRef = 8D1E5E3D40CC420EBE3AB29D /* libsqlite3.tbd */; };
		DF163869A5A642A8AB8867F3 /* libz.tbd in Frameworks */ = {isa = PBXBuildFile; fileRef = D812F5DD0BD946E4B5684928 /* libz.tbd */; };
		62683F2E6D344D6C954A3D71 /* CDVDevice.m in Sources */ = {isa = PBXBuildFile; fileRef = F34FBE4B673A4CBAB34AFC88 /* CDVDevice.m */; };
		451E4FD698784903B652A88A /* CDVNotification.m in Sources */ = {isa = PBXBuildFile; fileRef = 29A4F7E2670C4BB1BDAB46F2 /* CDVNotification.m */; };
		EDC71810C095476F99C4149B /* CDVNotification.bundle in Resources */ = {isa = PBXBuildFile; fileRef = EE31A4B600D64961A79E0D01 /* CDVNotification.bundle */; };
		0826AFBEF2D6498899C54B4C /* AudioToolbox.framework in Frameworks */ = {isa = PBXBuildFile; fileRef = D36C5BBD265A4D9D87027F4C /* AudioToolbox.framework */; settings = {ATTRIBUTES = (Weak, ); }; };
		4F173B4A93BA4862ABDFBD65 /* CDVInAppBrowser.m in Sources */ = {isa = PBXBuildFile; fileRef = 4BC74B6EF14A42F094AADCF9 /* CDVInAppBrowser.m */; };
		DCA6698C09F7418F9D2275D6 /* CDVConnection.m in Sources */ = {isa = PBXBuildFile; fileRef = 8BEF2C9FE71D450895B6432B /* CDVConnection.m */; };
		C16A4C6F0CD447B6A741B212 /* CDVReachability.m in Sources */ = {isa = PBXBuildFile; fileRef = 55F045EDEDCC4AFFB102483C /* CDVReachability.m */; };
		7DD05CAC1A1B4108804E8EA7 /* SystemConfiguration.framework in Frameworks */ = {isa = PBXBuildFile; fileRef = B56CC1F2FB0F4C808CB5BBA2 /* SystemConfiguration.framework */; settings = {ATTRIBUTES = (Weak, ); }; };
		DE84DA7D0E01484184B7B597 /* CoreTelephony.framework in Frameworks */ = {isa = PBXBuildFile; fileRef = AA2CC2A7F98E424D9C7F6B44 /* CoreTelephony.framework */; };
		6D2FB215A9A14320A050DB54 /* CDVStatusBar.m in Sources */ = {isa = PBXBuildFile; fileRef = 820E18D64C244E7EB56D56D2 /* CDVStatusBar.m */; };
/* End PBXBuildFile section */

/* Begin PBXContainerItemProxy section */
		301BF534109A57CC0062928A /* PBXContainerItemProxy */ = {
			isa = PBXContainerItemProxy;
			containerPortal = 301BF52D109A57CC0062928A /* CordovaLib.xcodeproj */;
			proxyType = 2;
			remoteGlobalIDString = D2AAC07E0554694100DB518D;
			remoteInfo = CordovaLib;
		};
		301BF550109A68C00062928A /* PBXContainerItemProxy */ = {
			isa = PBXContainerItemProxy;
			containerPortal = 301BF52D109A57CC0062928A /* CordovaLib.xcodeproj */;
			proxyType = 1;
			remoteGlobalIDString = D2AAC07D0554694100DB518D;
			remoteInfo = CordovaLib;
		};
/* End PBXContainerItemProxy section */

/* Begin PBXFileReference section */
		0207DA571B56EA530066E2B4 /* Images.xcassets */ = {isa = PBXFileReference; lastKnownFileType = folder.assetcatalog; name = Images.xcassets; path = "Arké/Images.xcassets"; sourceTree = SOURCE_ROOT; };
		1D3623240D0F684500981E51 /* AppDelegate.h */ = {isa = PBXFileReference; fileEncoding = 4; lastKnownFileType = sourcecode.c.h; path = AppDelegate.h; sourceTree = "<group>"; };
		1D3623250D0F684500981E51 /* AppDelegate.m */ = {isa = PBXFileReference; fileEncoding = 4; lastKnownFileType = sourcecode.c.objc; path = AppDelegate.m; sourceTree = "<group>"; };
		1D6058910D05DD3D006BFB54 /* Arké.app */ = {isa = PBXFileReference; explicitFileType = wrapper.application; includeInIndex = 0; path = "Arké.app"; sourceTree = BUILT_PRODUCTS_DIR; };
		29B97316FDCFA39411CA2CEA /* main.m */ = {isa = PBXFileReference; fileEncoding = 4; lastKnownFileType = sourcecode.c.objc; path = main.m; sourceTree = "<group>"; };
		301BF52D109A57CC0062928A /* CordovaLib.xcodeproj */ = {isa = PBXFileReference; lastKnownFileType = "wrapper.pb-project"; name = CordovaLib.xcodeproj; path = CordovaLib/CordovaLib.xcodeproj; sourceTree = "<group>"; };
		301BF56E109A69640062928A /* www */ = {isa = PBXFileReference; lastKnownFileType = folder; path = www; sourceTree = SOURCE_ROOT; };
		302D95EE14D2391D003F00A1 /* MainViewController.h */ = {isa = PBXFileReference; fileEncoding = 4; lastKnownFileType = sourcecode.c.h; path = MainViewController.h; sourceTree = "<group>"; };
		302D95EF14D2391D003F00A1 /* MainViewController.m */ = {isa = PBXFileReference; fileEncoding = 4; lastKnownFileType = sourcecode.c.objc; path = MainViewController.m; sourceTree = "<group>"; };
		302D95F014D2391D003F00A1 /* MainViewController.xib */ = {isa = PBXFileReference; fileEncoding = 4; lastKnownFileType = file.xib; path = MainViewController.xib; sourceTree = "<group>"; };
		3047A50F1AB8059700498E2A /* build-debug.xcconfig */ = {isa = PBXFileReference; fileEncoding = 4; lastKnownFileType = text.xcconfig; name = "build-debug.xcconfig"; path = cordova/build-debug.xcconfig; sourceTree = SOURCE_ROOT; };
		3047A5101AB8059700498E2A /* build-release.xcconfig */ = {isa = PBXFileReference; fileEncoding = 4; lastKnownFileType = text.xcconfig; name = "build-release.xcconfig"; path = cordova/build-release.xcconfig; sourceTree = SOURCE_ROOT; };
		3047A5111AB8059700498E2A /* build.xcconfig */ = {isa = PBXFileReference; fileEncoding = 4; lastKnownFileType = text.xcconfig; name = build.xcconfig; path = cordova/build.xcconfig; sourceTree = SOURCE_ROOT; };
		32CA4F630368D1EE00C91783 /* Arké-Prefix.pch */ = {isa = PBXFileReference; fileEncoding = 4; lastKnownFileType = sourcecode.c.h; path = "Arké-Prefix.pch"; sourceTree = "<group>"; };
		6AFF5BF81D6E424B00AB3073 /* CDVLaunchScreen.storyboard */ = {isa = PBXFileReference; fileEncoding = 4; lastKnownFileType = file.storyboard; name = CDVLaunchScreen.storyboard; path = "Arké/CDVLaunchScreen.storyboard"; sourceTree = SOURCE_ROOT; };
		8D1107310486CEB800E47090 /* Arké-Info.plist */ = {isa = PBXFileReference; fileEncoding = 4; lastKnownFileType = text.plist.xml; name = "Arké-Info.plist"; path = "Arké/Arké-Info.plist"; plistStructureDefinitionIdentifier = "com.apple.xcode.plist.structure-definition.iphone.info-plist"; sourceTree = SOURCE_ROOT; };
		EB87FDF31871DA8E0020F90C /* www */ = {isa = PBXFileReference; lastKnownFileType = folder; name = www; path = ../../www; sourceTree = "<group>"; };
		EB87FDF41871DAF40020F90C /* config.xml */ = {isa = PBXFileReference; lastKnownFileType = text.xml; name = config.xml; path = ../../config.xml; sourceTree = "<group>"; };
		F840E1F0165FE0F500CFE078 /* config.xml */ = {isa = PBXFileReference; lastKnownFileType = text.xml; name = config.xml; path = "Arké/config.xml"; sourceTree = "<group>"; };
		ED33DF2A687741AEAF9F8254 /* Bridging-Header.h */ = {isa = PBXFileReference; fileEncoding = 4; lastKnownFileType = sourcecode.c.h; name = "Bridging-Header.h"; path = "Bridging-Header.h"; sourceTree = "<group>"; };
		F5672B713E2446D0B80156DD /* AppDelegate+notification.m */ = {isa = PBXFileReference; name = "AppDelegate+notification.m"; path = "phonegap-plugin-push/AppDelegate+notification.m"; sourceTree = "<group>"; fileEncoding = 4; lastKnownFileType = sourcecode.c.objc; explicitFileType = undefined; includeInIndex = 0; };
		AEE71CD1DA66458C9D2191FD /* PushPlugin.m */ = {isa = PBXFileReference; name = "PushPlugin.m"; path = "phonegap-plugin-push/PushPlugin.m"; sourceTree = "<group>"; fileEncoding = 4; lastKnownFileType = sourcecode.c.objc; explicitFileType = undefined; includeInIndex = 0; };
		5F8C09D1E3224196BD2B7623 /* libGGLCloudMessaging.a */ = {isa = PBXFileReference; name = "libGGLCloudMessaging.a"; path = "Arké/Plugins/phonegap-plugin-push/GCM/Libraries/libGGLCloudMessaging.a"; sourceTree = "<group>"; fileEncoding = undefined; lastKnownFileType = archive.ar; explicitFileType = undefined; includeInIndex = 0; };
		878ED4B0F4BF46A292F4AB99 /* libGGLCore.a */ = {isa = PBXFileReference; name = "libGGLCore.a"; path = "Arké/Plugins/phonegap-plugin-push/GCM/Libraries/libGGLCore.a"; sourceTree = "<group>"; fileEncoding = undefined; lastKnownFileType = archive.ar; explicitFileType = undefined; includeInIndex = 0; };
		D31A042C748247229CF52144 /* libGGLInstanceIDLib.a */ = {isa = PBXFileReference; name = "libGGLInstanceIDLib.a"; path = "Arké/Plugins/phonegap-plugin-push/GCM/Libraries/libGGLInstanceIDLib.a"; sourceTree = "<group>"; fileEncoding = undefined; lastKnownFileType = archive.ar; explicitFileType = undefined; includeInIndex = 0; };
		E27735BD7A224526AED36EFE /* libGIP_Reachability.a */ = {isa = PBXFileReference; name = "libGIP_Reachability.a"; path = "Arké/Plugins/phonegap-plugin-push/GCM/Libraries/libGIP_Reachability.a"; sourceTree = "<group>"; fileEncoding = undefined; lastKnownFileType = archive.ar; explicitFileType = undefined; includeInIndex = 0; };
		59BF111C68CC4C5D99EA8A18 /* libGSDK_Overload.a */ = {isa = PBXFileReference; name = "libGSDK_Overload.a"; path = "Arké/Plugins/phonegap-plugin-push/GCM/Libraries/libGSDK_Overload.a"; sourceTree = "<group>"; fileEncoding = undefined; lastKnownFileType = archive.ar; explicitFileType = undefined; includeInIndex = 0; };
		59AEFAEA61554D29BC9A1EAB /* libGTMSessionFetcher_core.a */ = {isa = PBXFileReference; name = "libGTMSessionFetcher_core.a"; path = "Arké/Plugins/phonegap-plugin-push/GCM/Libraries/libGTMSessionFetcher_core.a"; sourceTree = "<group>"; fileEncoding = undefined; lastKnownFileType = archive.ar; explicitFileType = undefined; includeInIndex = 0; };
		0281B1BF68584AE18AA9A5CF /* libGTMSessionFetcher_full.a */ = {isa = PBXFileReference; name = "libGTMSessionFetcher_full.a"; path = "Arké/Plugins/phonegap-plugin-push/GCM/Libraries/libGTMSessionFetcher_full.a"; sourceTree = "<group>"; fileEncoding = undefined; lastKnownFileType = archive.ar; explicitFileType = undefined; includeInIndex = 0; };
		52052DAAAB3C43BF9D67DF1A /* libGTMStackTrace.a */ = {isa = PBXFileReference; name = "libGTMStackTrace.a"; path = "Arké/Plugins/phonegap-plugin-push/GCM/Libraries/libGTMStackTrace.a"; sourceTree = "<group>"; fileEncoding = undefined; lastKnownFileType = archive.ar; explicitFileType = undefined; includeInIndex = 0; };
		8DCAF764842A47318E52D86D /* libGTM_AddressBook.a */ = {isa = PBXFileReference; name = "libGTM_AddressBook.a"; path = "Arké/Plugins/phonegap-plugin-push/GCM/Libraries/libGTM_AddressBook.a"; sourceTree = "<group>"; fileEncoding = undefined; lastKnownFileType = archive.ar; explicitFileType = undefined; includeInIndex = 0; };
		5DE5D70114A3453E9BF0D330 /* libGTM_DebugUtils.a */ = {isa = PBXFileReference; name = "libGTM_DebugUtils.a"; path = "Arké/Plugins/phonegap-plugin-push/GCM/Libraries/libGTM_DebugUtils.a"; sourceTree = "<group>"; fileEncoding = undefined; lastKnownFileType = archive.ar; explicitFileType = undefined; includeInIndex = 0; };
		5AB7452AD8E54B0395FCB14A /* libGTM_GTMURLBuilder.a */ = {isa = PBXFileReference; name = "libGTM_GTMURLBuilder.a"; path = "Arké/Plugins/phonegap-plugin-push/GCM/Libraries/libGTM_GTMURLBuilder.a"; sourceTree = "<group>"; fileEncoding = undefined; lastKnownFileType = archive.ar; explicitFileType = undefined; includeInIndex = 0; };
		0C8EA2ECB5954AC0A23F0830 /* libGTM_KVO.a */ = {isa = PBXFileReference; name = "libGTM_KVO.a"; path = "Arké/Plugins/phonegap-plugin-push/GCM/Libraries/libGTM_KVO.a"; sourceTree = "<group>"; fileEncoding = undefined; lastKnownFileType = archive.ar; explicitFileType = undefined; includeInIndex = 0; };
		48860A09ECBB4B67A1B4B85A /* libGTM_NSData+zlib.a */ = {isa = PBXFileReference; name = "libGTM_NSData+zlib.a"; path = "Arké/Plugins/phonegap-plugin-push/GCM/Libraries/libGTM_NSData+zlib.a"; sourceTree = "<group>"; fileEncoding = undefined; lastKnownFileType = archive.ar; explicitFileType = undefined; includeInIndex = 0; };
		8CB6D9D589C34017AC3F50EB /* libGTM_NSDictionary+URLArguments.a */ = {isa = PBXFileReference; name = "libGTM_NSDictionary+URLArguments.a"; path = "Arké/Plugins/phonegap-plugin-push/GCM/Libraries/libGTM_NSDictionary+URLArguments.a"; sourceTree = "<group>"; fileEncoding = undefined; lastKnownFileType = archive.ar; explicitFileType = undefined; includeInIndex = 0; };
		7853A94D6E99460194100627 /* libGTM_NSScannerJSON.a */ = {isa = PBXFileReference; name = "libGTM_NSScannerJSON.a"; path = "Arké/Plugins/phonegap-plugin-push/GCM/Libraries/libGTM_NSScannerJSON.a"; sourceTree = "<group>"; fileEncoding = undefined; lastKnownFileType = archive.ar; explicitFileType = undefined; includeInIndex = 0; };
		2D456CAABBB14506851983CE /* libGTM_NSStringHTML.a */ = {isa = PBXFileReference; name = "libGTM_NSStringHTML.a"; path = "Arké/Plugins/phonegap-plugin-push/GCM/Libraries/libGTM_NSStringHTML.a"; sourceTree = "<group>"; fileEncoding = undefined; lastKnownFileType = archive.ar; explicitFileType = undefined; includeInIndex = 0; };
		6836A739BEFB4A3EA0843885 /* libGTM_NSStringXML.a */ = {isa = PBXFileReference; name = "libGTM_NSStringXML.a"; path = "Arké/Plugins/phonegap-plugin-push/GCM/Libraries/libGTM_NSStringXML.a"; sourceTree = "<group>"; fileEncoding = undefined; lastKnownFileType = archive.ar; explicitFileType = undefined; includeInIndex = 0; };
		E98FAAEB099B447CA7CD332C /* libGTM_Regex.a */ = {isa = PBXFileReference; name = "libGTM_Regex.a"; path = "Arké/Plugins/phonegap-plugin-push/GCM/Libraries/libGTM_Regex.a"; sourceTree = "<group>"; fileEncoding = undefined; lastKnownFileType = archive.ar; explicitFileType = undefined; includeInIndex = 0; };
		5F79447C7EBC465DA167E640 /* libGTM_RoundedRectPath.a */ = {isa = PBXFileReference; name = "libGTM_RoundedRectPath.a"; path = "Arké/Plugins/phonegap-plugin-push/GCM/Libraries/libGTM_RoundedRectPath.a"; sourceTree = "<group>"; fileEncoding = undefined; lastKnownFileType = archive.ar; explicitFileType = undefined; includeInIndex = 0; };
		7B72CB529DAB446A8F979CB4 /* libGTM_StringEncoding.a */ = {isa = PBXFileReference; name = "libGTM_StringEncoding.a"; path = "Arké/Plugins/phonegap-plugin-push/GCM/Libraries/libGTM_StringEncoding.a"; sourceTree = "<group>"; fileEncoding = undefined; lastKnownFileType = archive.ar; explicitFileType = undefined; includeInIndex = 0; };
		F6E28BC15A7F48C5B263D387 /* libGTM_SystemVersion.a */ = {isa = PBXFileReference; name = "libGTM_SystemVersion.a"; path = "Arké/Plugins/phonegap-plugin-push/GCM/Libraries/libGTM_SystemVersion.a"; sourceTree = "<group>"; fileEncoding = undefined; lastKnownFileType = archive.ar; explicitFileType = undefined; includeInIndex = 0; };
		71E770F91AC148D9A090B312 /* libGTM_UIFont+LineHeight.a */ = {isa = PBXFileReference; name = "libGTM_UIFont+LineHeight.a"; path = "Arké/Plugins/phonegap-plugin-push/GCM/Libraries/libGTM_UIFont+LineHeight.a"; sourceTree = "<group>"; fileEncoding = undefined; lastKnownFileType = archive.ar; explicitFileType = undefined; includeInIndex = 0; };
		E444F694811845E987370B9C /* libGTM_core.a */ = {isa = PBXFileReference; name = "libGTM_core.a"; path = "Arké/Plugins/phonegap-plugin-push/GCM/Libraries/libGTM_core.a"; sourceTree = "<group>"; fileEncoding = undefined; lastKnownFileType = archive.ar; explicitFileType = undefined; includeInIndex = 0; };
		6A96C2F40BC243828CDBBD7D /* libGTM_iPhone.a */ = {isa = PBXFileReference; name = "libGTM_iPhone.a"; path = "Arké/Plugins/phonegap-plugin-push/GCM/Libraries/libGTM_iPhone.a"; sourceTree = "<group>"; fileEncoding = undefined; lastKnownFileType = archive.ar; explicitFileType = undefined; includeInIndex = 0; };
		CADB020495514040BFC75DE9 /* libGcmLib.a */ = {isa = PBXFileReference; name = "libGcmLib.a"; path = "Arké/Plugins/phonegap-plugin-push/GCM/Libraries/libGcmLib.a"; sourceTree = "<group>"; fileEncoding = undefined; lastKnownFileType = archive.ar; explicitFileType = undefined; includeInIndex = 0; };
		8D4492AC895E4C5C91300C1E /* libProtocolBuffers.a */ = {isa = PBXFileReference; name = "libProtocolBuffers.a"; path = "Arké/Plugins/phonegap-plugin-push/GCM/Libraries/libProtocolBuffers.a"; sourceTree = "<group>"; fileEncoding = undefined; lastKnownFileType = archive.ar; explicitFileType = undefined; includeInIndex = 0; };
		5A28DE8E07174FBDAE11D7EA /* AppDelegate+notification.h */ = {isa = PBXFileReference; name = "AppDelegate+notification.h"; path = "phonegap-plugin-push/AppDelegate+notification.h"; sourceTree = "<group>"; fileEncoding = 4; lastKnownFileType = sourcecode.c.h; explicitFileType = undefined; includeInIndex = 0; };
		7D6E890D5327473D940AFA2A /* PushPlugin.h */ = {isa = PBXFileReference; name = "PushPlugin.h"; path = "phonegap-plugin-push/PushPlugin.h"; sourceTree = "<group>"; fileEncoding = 4; lastKnownFileType = sourcecode.c.h; explicitFileType = undefined; includeInIndex = 0; };
		EC3C86FAE0DF41A0B7DFA40F /* GGLInstanceID.h */ = {isa = PBXFileReference; name = "GGLInstanceID.h"; path = "phonegap-plugin-push/GCM/Headers/GGLInstanceID.h"; sourceTree = "<group>"; fileEncoding = 4; lastKnownFileType = sourcecode.c.h; explicitFileType = undefined; includeInIndex = 0; };
		0B1C348864264B8A9E9B1431 /* GGLInstanceIDConfig.h */ = {isa = PBXFileReference; name = "GGLInstanceIDConfig.h"; path = "phonegap-plugin-push/GCM/Headers/GGLInstanceIDConfig.h"; sourceTree = "<group>"; fileEncoding = 4; lastKnownFileType = sourcecode.c.h; explicitFileType = undefined; includeInIndex = 0; };
		9898BE9E0B024DDAA85BDA9F /* GGLInstanceIDDelegate.h */ = {isa = PBXFileReference; name = "GGLInstanceIDDelegate.h"; path = "phonegap-plugin-push/GCM/Headers/GGLInstanceIDDelegate.h"; sourceTree = "<group>"; fileEncoding = 4; lastKnownFileType = sourcecode.c.h; explicitFileType = undefined; includeInIndex = 0; };
		41EF299F8B1F43D481F5E2A2 /* GGLInstanceIDHeaders.h */ = {isa = PBXFileReference; name = "GGLInstanceIDHeaders.h"; path = "phonegap-plugin-push/GCM/Headers/GGLInstanceIDHeaders.h"; sourceTree = "<group>"; fileEncoding = 4; lastKnownFileType = sourcecode.c.h; explicitFileType = undefined; includeInIndex = 0; };
		686E91EDF97248F293DF6925 /* CloudMessaging.h */ = {isa = PBXFileReference; name = "CloudMessaging.h"; path = "phonegap-plugin-push/GCM/Headers/CloudMessaging.h"; sourceTree = "<group>"; fileEncoding = 4; lastKnownFileType = sourcecode.c.h; explicitFileType = undefined; includeInIndex = 0; };
		CF14FABA051D4DD4BBC0CAC1 /* GGLContext+CloudMessaging.h */ = {isa = PBXFileReference; name = "GGLContext+CloudMessaging.h"; path = "phonegap-plugin-push/GCM/Headers/GGLContext+CloudMessaging.h"; sourceTree = "<group>"; fileEncoding = 4; lastKnownFileType = sourcecode.c.h; explicitFileType = undefined; includeInIndex = 0; };
		E97E9BCA551E40F8B48966B5 /* Core.h */ = {isa = PBXFileReference; name = "Core.h"; path = "phonegap-plugin-push/GCM/Headers/Core.h"; sourceTree = "<group>"; fileEncoding = 4; lastKnownFileType = sourcecode.c.h; explicitFileType = undefined; includeInIndex = 0; };
		8579855783E847EE976E0EF6 /* GGLConfiguration.h */ = {isa = PBXFileReference; name = "GGLConfiguration.h"; path = "phonegap-plugin-push/GCM/Headers/GGLConfiguration.h"; sourceTree = "<group>"; fileEncoding = 4; lastKnownFileType = sourcecode.c.h; explicitFileType = undefined; includeInIndex = 0; };
		5604082DFB214539AD2A7393 /* GGLContext.h */ = {isa = PBXFileReference; name = "GGLContext.h"; path = "phonegap-plugin-push/GCM/Headers/GGLContext.h"; sourceTree = "<group>"; fileEncoding = 4; lastKnownFileType = sourcecode.c.h; explicitFileType = undefined; includeInIndex = 0; };
		A1DDC3823C534FC2BF285121 /* GGLErrorCode.h */ = {isa = PBXFileReference; name = "GGLErrorCode.h"; path = "phonegap-plugin-push/GCM/Headers/GGLErrorCode.h"; sourceTree = "<group>"; fileEncoding = 4; lastKnownFileType = sourcecode.c.h; explicitFileType = undefined; includeInIndex = 0; };
		BAA355B837974085ABD79E69 /* GCMConfig.h */ = {isa = PBXFileReference; name = "GCMConfig.h"; path = "phonegap-plugin-push/GCM/Headers/GCMConfig.h"; sourceTree = "<group>"; fileEncoding = 4; lastKnownFileType = sourcecode.c.h; explicitFileType = undefined; includeInIndex = 0; };
		D73F444A978F43BFA1FA8CC9 /* GCMPubSub.h */ = {isa = PBXFileReference; name = "GCMPubSub.h"; path = "phonegap-plugin-push/GCM/Headers/GCMPubSub.h"; sourceTree = "<group>"; fileEncoding = 4; lastKnownFileType = sourcecode.c.h; explicitFileType = undefined; includeInIndex = 0; };
		4B59CC27E8E14AD086239768 /* GCMReceiverDelegate.h */ = {isa = PBXFileReference; name = "GCMReceiverDelegate.h"; path = "phonegap-plugin-push/GCM/Headers/GCMReceiverDelegate.h"; sourceTree = "<group>"; fileEncoding = 4; lastKnownFileType = sourcecode.c.h; explicitFileType = undefined; includeInIndex = 0; };
		EDBBDCCCB36344A6B5035AB6 /* GCMService.h */ = {isa = PBXFileReference; name = "GCMService.h"; path = "phonegap-plugin-push/GCM/Headers/GCMService.h"; sourceTree = "<group>"; fileEncoding = 4; lastKnownFileType = sourcecode.c.h; explicitFileType = undefined; includeInIndex = 0; };
		510E213FDB5C4FE2B89CD187 /* GoogleCloudMessaging.h */ = {isa = PBXFileReference; name = "GoogleCloudMessaging.h"; path = "phonegap-plugin-push/GCM/Headers/GoogleCloudMessaging.h"; sourceTree = "<group>"; fileEncoding = 4; lastKnownFileType = sourcecode.c.h; explicitFileType = undefined; includeInIndex = 0; };
		A504429B2395414C94999CF1 /* AddressBook.framework */ = {isa = PBXFileReference; name = "AddressBook.framework"; path = "System/Library/Frameworks/AddressBook.framework"; sourceTree = SDKROOT; fileEncoding = undefined; lastKnownFileType = wrapper.framework; explicitFileType = undefined; includeInIndex = 0; };
		8D1E5E3D40CC420EBE3AB29D /* libsqlite3.tbd */ = {isa = PBXFileReference; name = "libsqlite3.tbd"; path = "usr/lib/libsqlite3.tbd"; sourceTree = SDKROOT; fileEncoding = undefined; lastKnownFileType = sourcecode.text-based-dylib-definition; explicitFileType = undefined; includeInIndex = 0; };
		D812F5DD0BD946E4B5684928 /* libz.tbd */ = {isa = PBXFileReference; name = "libz.tbd"; path = "usr/lib/libz.tbd"; sourceTree = SDKROOT; fileEncoding = undefined; lastKnownFileType = sourcecode.text-based-dylib-definition; explicitFileType = undefined; includeInIndex = 0; };
		F34FBE4B673A4CBAB34AFC88 /* CDVDevice.m */ = {isa = PBXFileReference; name = "CDVDevice.m"; path = "cordova-plugin-device/CDVDevice.m"; sourceTree = "<group>"; fileEncoding = 4; lastKnownFileType = sourcecode.c.objc; explicitFileType = undefined; includeInIndex = 0; };
		86C9EFC5FAF748989A96CF9F /* CDVDevice.h */ = {isa = PBXFileReference; name = "CDVDevice.h"; path = "cordova-plugin-device/CDVDevice.h"; sourceTree = "<group>"; fileEncoding = 4; lastKnownFileType = sourcecode.c.h; explicitFileType = undefined; includeInIndex = 0; };
		29A4F7E2670C4BB1BDAB46F2 /* CDVNotification.m */ = {isa = PBXFileReference; name = "CDVNotification.m"; path = "cordova-plugin-dialogs/CDVNotification.m"; sourceTree = "<group>"; fileEncoding = 4; lastKnownFileType = sourcecode.c.objc; explicitFileType = undefined; includeInIndex = 0; };
		3CE1E859BA274CBA8C137B74 /* CDVNotification.h */ = {isa = PBXFileReference; name = "CDVNotification.h"; path = "cordova-plugin-dialogs/CDVNotification.h"; sourceTree = "<group>"; fileEncoding = 4; lastKnownFileType = sourcecode.c.h; explicitFileType = undefined; includeInIndex = 0; };
		EE31A4B600D64961A79E0D01 /* CDVNotification.bundle */ = {isa = PBXFileReference; name = "CDVNotification.bundle"; path = "CDVNotification.bundle"; sourceTree = "<group>"; fileEncoding = undefined; lastKnownFileType = wrapper.plug-in; explicitFileType = undefined; includeInIndex = 0; };
		D36C5BBD265A4D9D87027F4C /* AudioToolbox.framework */ = {isa = PBXFileReference; name = "AudioToolbox.framework"; path = "System/Library/Frameworks/AudioToolbox.framework"; sourceTree = SDKROOT; fileEncoding = undefined; lastKnownFileType = wrapper.framework; explicitFileType = undefined; includeInIndex = 0; };
		4BC74B6EF14A42F094AADCF9 /* CDVInAppBrowser.m */ = {isa = PBXFileReference; name = "CDVInAppBrowser.m"; path = "cordova-plugin-inappbrowser/CDVInAppBrowser.m"; sourceTree = "<group>"; fileEncoding = 4; lastKnownFileType = sourcecode.c.objc; explicitFileType = undefined; includeInIndex = 0; };
		E0A7D64AE7E44C39B82C9C7D /* CDVInAppBrowser.h */ = {isa = PBXFileReference; name = "CDVInAppBrowser.h"; path = "cordova-plugin-inappbrowser/CDVInAppBrowser.h"; sourceTree = "<group>"; fileEncoding = 4; lastKnownFileType = sourcecode.c.h; explicitFileType = undefined; includeInIndex = 0; };
		8BEF2C9FE71D450895B6432B /* CDVConnection.m */ = {isa = PBXFileReference; name = "CDVConnection.m"; path = "cordova-plugin-network-information/CDVConnection.m"; sourceTree = "<group>"; fileEncoding = 4; lastKnownFileType = sourcecode.c.objc; explicitFileType = undefined; includeInIndex = 0; };
		55F045EDEDCC4AFFB102483C /* CDVReachability.m */ = {isa = PBXFileReference; name = "CDVReachability.m"; path = "cordova-plugin-network-information/CDVReachability.m"; sourceTree = "<group>"; fileEncoding = 4; lastKnownFileType = sourcecode.c.objc; explicitFileType = undefined; includeInIndex = 0; };
		827EC972C495466B84600E83 /* CDVConnection.h */ = {isa = PBXFileReference; name = "CDVConnection.h"; path = "cordova-plugin-network-information/CDVConnection.h"; sourceTree = "<group>"; fileEncoding = 4; lastKnownFileType = sourcecode.c.h; explicitFileType = undefined; includeInIndex = 0; };
		22F76853ED834119B8F9B488 /* CDVReachability.h */ = {isa = PBXFileReference; name = "CDVReachability.h"; path = "cordova-plugin-network-information/CDVReachability.h"; sourceTree = "<group>"; fileEncoding = 4; lastKnownFileType = sourcecode.c.h; explicitFileType = undefined; includeInIndex = 0; };
		B56CC1F2FB0F4C808CB5BBA2 /* SystemConfiguration.framework */ = {isa = PBXFileReference; name = "SystemConfiguration.framework"; path = "System/Library/Frameworks/SystemConfiguration.framework"; sourceTree = SDKROOT; fileEncoding = undefined; lastKnownFileType = wrapper.framework; explicitFileType = undefined; includeInIndex = 0; };
		AA2CC2A7F98E424D9C7F6B44 /* CoreTelephony.framework */ = {isa = PBXFileReference; name = "CoreTelephony.framework"; path = "System/Library/Frameworks/CoreTelephony.framework"; sourceTree = SDKROOT; fileEncoding = undefined; lastKnownFileType = wrapper.framework; explicitFileType = undefined; includeInIndex = 0; };
		820E18D64C244E7EB56D56D2 /* CDVStatusBar.m */ = {isa = PBXFileReference; name = "CDVStatusBar.m"; path = "cordova-plugin-statusbar/CDVStatusBar.m"; sourceTree = "<group>"; fileEncoding = 4; lastKnownFileType = sourcecode.c.objc; explicitFileType = undefined; includeInIndex = 0; };
		379296C3DE7044AABAB8564B /* CDVStatusBar.h */ = {isa = PBXFileReference; name = "CDVStatusBar.h"; path = "cordova-plugin-statusbar/CDVStatusBar.h"; sourceTree = "<group>"; fileEncoding = 4; lastKnownFileType = sourcecode.c.h; explicitFileType = undefined; includeInIndex = 0; };
/* End PBXFileReference section */

/* Begin PBXFrameworksBuildPhase section */
		1D60588F0D05DD3D006BFB54 /* Frameworks */ = {
			isa = PBXFrameworksBuildPhase;
			buildActionMask = 2147483647;
			files = (
				301BF552109A68D80062928A /* libCordova.a in Frameworks */,
				C6BDB7B4B7B3448194D09A41 /* libGGLCloudMessaging.a in Frameworks */,
				FBBE9CB9BA8140709CAD7764 /* libGGLCore.a in Frameworks */,
				B128EFB0E09C486B869B6B12 /* libGGLInstanceIDLib.a in Frameworks */,
				F0C768E8979149EFB9BAB612 /* libGIP_Reachability.a in Frameworks */,
				EB1A4A8D2ADD4548A146E882 /* libGSDK_Overload.a in Frameworks */,
				7854EFC7E6B741478E1174F7 /* libGTMSessionFetcher_core.a in Frameworks */,
				F329D7B36BBD4F6CB3670F4E /* libGTMSessionFetcher_full.a in Frameworks */,
				9F1247EA21FC47CD8D0EC529 /* libGTMStackTrace.a in Frameworks */,
				BF64A4D82D4F44F2B408E75F /* libGTM_AddressBook.a in Frameworks */,
				80B5CF86969347FE823A7787 /* libGTM_DebugUtils.a in Frameworks */,
				B1E864F1EB7B40BEBE84EDDC /* libGTM_GTMURLBuilder.a in Frameworks */,
				9593863233C04569891414C3 /* libGTM_KVO.a in Frameworks */,
				30154B1EBB79483A8B5B97C9 /* libGTM_NSData+zlib.a in Frameworks */,
				450E5EA7599F4CA28F94C85C /* libGTM_NSDictionary+URLArguments.a in Frameworks */,
				BAA05F384F584876ACC3B27C /* libGTM_NSScannerJSON.a in Frameworks */,
				54563874D6F142B38BBCFE19 /* libGTM_NSStringHTML.a in Frameworks */,
				69391BC40AD1407DA27C4F8E /* libGTM_NSStringXML.a in Frameworks */,
				3E790FAB0E604791882A39D0 /* libGTM_Regex.a in Frameworks */,
				53FDEE0B659145F3B3169F35 /* libGTM_RoundedRectPath.a in Frameworks */,
				A6100BB57CFB457791DBF569 /* libGTM_StringEncoding.a in Frameworks */,
				E548F4024BB74A92B9461534 /* libGTM_SystemVersion.a in Frameworks */,
				FD7B81D02901470E94A8BAF5 /* libGTM_UIFont+LineHeight.a in Frameworks */,
				E0D9C5429A40481C8269E9A3 /* libGTM_core.a in Frameworks */,
				4B7459637AF3498DB1088B6D /* libGTM_iPhone.a in Frameworks */,
				471150BB988D44BFA2F1328E /* libGcmLib.a in Frameworks */,
				55DE7C9050B64BA5A69777B9 /* libProtocolBuffers.a in Frameworks */,
				C51A33EB578A45E0A75AD4C1 /* AddressBook.framework in Frameworks */,
				D8D7241B99D84BEC8AFAC8F3 /* libsqlite3.tbd in Frameworks */,
				DF163869A5A642A8AB8867F3 /* libz.tbd in Frameworks */,
				0826AFBEF2D6498899C54B4C /* AudioToolbox.framework in Frameworks */,
				7DD05CAC1A1B4108804E8EA7 /* SystemConfiguration.framework in Frameworks */,
				DE84DA7D0E01484184B7B597 /* CoreTelephony.framework in Frameworks */,
			);
			runOnlyForDeploymentPostprocessing = 0;
		};
/* End PBXFrameworksBuildPhase section */

/* Begin PBXGroup section */
		080E96DDFE201D6D7F000001 /* Classes */ = {
			isa = PBXGroup;
			children = (
				302D95EE14D2391D003F00A1 /* MainViewController.h */,
				302D95EF14D2391D003F00A1 /* MainViewController.m */,
				302D95F014D2391D003F00A1 /* MainViewController.xib */,
				1D3623240D0F684500981E51 /* AppDelegate.h */,
				1D3623250D0F684500981E51 /* AppDelegate.m */,
			);
			name = Classes;
			path = "Arké/Classes";
			sourceTree = SOURCE_ROOT;
		};
		19C28FACFE9D520D11CA2CBB /* Products */ = {
			isa = PBXGroup;
			children = (
				1D6058910D05DD3D006BFB54 /* Arké.app */,
			);
			name = Products;
			sourceTree = "<group>";
		};
		29B97314FDCFA39411CA2CEA /* CustomTemplate */ = {
			isa = PBXGroup;
			children = (
				EB87FDF41871DAF40020F90C /* config.xml */,
				EB87FDF31871DA8E0020F90C /* www */,
				EB87FDF11871DA420020F90C /* Staging */,
				301BF52D109A57CC0062928A /* CordovaLib.xcodeproj */,
				080E96DDFE201D6D7F000001 /* Classes */,
				307C750510C5A3420062BCA9 /* Plugins */,
				29B97315FDCFA39411CA2CEA /* Other Sources */,
				29B97317FDCFA39411CA2CEA /* Resources */,
				29B97323FDCFA39411CA2CEA /* Frameworks */,
				19C28FACFE9D520D11CA2CBB /* Products */,
			);
			name = CustomTemplate;
			sourceTree = "<group>";
		};
		29B97315FDCFA39411CA2CEA /* Other Sources */ = {
			isa = PBXGroup;
			children = (
				32CA4F630368D1EE00C91783 /* Arké-Prefix.pch */,
				29B97316FDCFA39411CA2CEA /* main.m */,
				ED33DF2A687741AEAF9F8254 /* Bridging-Header.h */,
			);
			name = "Other Sources";
			path = "Arké";
			sourceTree = "<group>";
		};
		29B97317FDCFA39411CA2CEA /* Resources */ = {
			isa = PBXGroup;
			children = (
				0207DA571B56EA530066E2B4 /* Images.xcassets */,
				3047A50E1AB8057F00498E2A /* config */,
				8D1107310486CEB800E47090 /* Arké-Info.plist */,
				6AFF5BF81D6E424B00AB3073 /* CDVLaunchScreen.storyboard */,
				EE31A4B600D64961A79E0D01 /* CDVNotification.bundle */,
			);
			name = Resources;
			path = "Arké/Resources";
			sourceTree = "<group>";
		};
		29B97323FDCFA39411CA2CEA /* Frameworks */ = {
			isa = PBXGroup;
			children = (
				5F8C09D1E3224196BD2B7623 /* libGGLCloudMessaging.a */,
				878ED4B0F4BF46A292F4AB99 /* libGGLCore.a */,
				D31A042C748247229CF52144 /* libGGLInstanceIDLib.a */,
				E27735BD7A224526AED36EFE /* libGIP_Reachability.a */,
				59BF111C68CC4C5D99EA8A18 /* libGSDK_Overload.a */,
				59AEFAEA61554D29BC9A1EAB /* libGTMSessionFetcher_core.a */,
				0281B1BF68584AE18AA9A5CF /* libGTMSessionFetcher_full.a */,
				52052DAAAB3C43BF9D67DF1A /* libGTMStackTrace.a */,
				8DCAF764842A47318E52D86D /* libGTM_AddressBook.a */,
				5DE5D70114A3453E9BF0D330 /* libGTM_DebugUtils.a */,
				5AB7452AD8E54B0395FCB14A /* libGTM_GTMURLBuilder.a */,
				0C8EA2ECB5954AC0A23F0830 /* libGTM_KVO.a */,
				48860A09ECBB4B67A1B4B85A /* libGTM_NSData+zlib.a */,
				8CB6D9D589C34017AC3F50EB /* libGTM_NSDictionary+URLArguments.a */,
				7853A94D6E99460194100627 /* libGTM_NSScannerJSON.a */,
				2D456CAABBB14506851983CE /* libGTM_NSStringHTML.a */,
				6836A739BEFB4A3EA0843885 /* libGTM_NSStringXML.a */,
				E98FAAEB099B447CA7CD332C /* libGTM_Regex.a */,
				5F79447C7EBC465DA167E640 /* libGTM_RoundedRectPath.a */,
				7B72CB529DAB446A8F979CB4 /* libGTM_StringEncoding.a */,
				F6E28BC15A7F48C5B263D387 /* libGTM_SystemVersion.a */,
				71E770F91AC148D9A090B312 /* libGTM_UIFont+LineHeight.a */,
				E444F694811845E987370B9C /* libGTM_core.a */,
				6A96C2F40BC243828CDBBD7D /* libGTM_iPhone.a */,
				CADB020495514040BFC75DE9 /* libGcmLib.a */,
				8D4492AC895E4C5C91300C1E /* libProtocolBuffers.a */,
				A504429B2395414C94999CF1 /* AddressBook.framework */,
				8D1E5E3D40CC420EBE3AB29D /* libsqlite3.tbd */,
				D812F5DD0BD946E4B5684928 /* libz.tbd */,
				D36C5BBD265A4D9D87027F4C /* AudioToolbox.framework */,
				B56CC1F2FB0F4C808CB5BBA2 /* SystemConfiguration.framework */,
				AA2CC2A7F98E424D9C7F6B44 /* CoreTelephony.framework */,
			);
			name = Frameworks;
			sourceTree = "<group>";
		};
		301BF52E109A57CC0062928A /* Products */ = {
			isa = PBXGroup;
			children = (
				301BF535109A57CC0062928A /* libCordova.a */,
			);
			name = Products;
			sourceTree = "<group>";
		};
		3047A50E1AB8057F00498E2A /* config */ = {
			isa = PBXGroup;
			children = (
				3047A50F1AB8059700498E2A /* build-debug.xcconfig */,
				3047A5101AB8059700498E2A /* build-release.xcconfig */,
				3047A5111AB8059700498E2A /* build.xcconfig */,
			);
			name = config;
			sourceTree = "<group>";
		};
		307C750510C5A3420062BCA9 /* Plugins */ = {
			isa = PBXGroup;
			children = (
				F5672B713E2446D0B80156DD /* AppDelegate+notification.m */,
				AEE71CD1DA66458C9D2191FD /* PushPlugin.m */,
				5A28DE8E07174FBDAE11D7EA /* AppDelegate+notification.h */,
				7D6E890D5327473D940AFA2A /* PushPlugin.h */,
				EC3C86FAE0DF41A0B7DFA40F /* GGLInstanceID.h */,
				0B1C348864264B8A9E9B1431 /* GGLInstanceIDConfig.h */,
				9898BE9E0B024DDAA85BDA9F /* GGLInstanceIDDelegate.h */,
				41EF299F8B1F43D481F5E2A2 /* GGLInstanceIDHeaders.h */,
				686E91EDF97248F293DF6925 /* CloudMessaging.h */,
				CF14FABA051D4DD4BBC0CAC1 /* GGLContext+CloudMessaging.h */,
				E97E9BCA551E40F8B48966B5 /* Core.h */,
				8579855783E847EE976E0EF6 /* GGLConfiguration.h */,
				5604082DFB214539AD2A7393 /* GGLContext.h */,
				A1DDC3823C534FC2BF285121 /* GGLErrorCode.h */,
				BAA355B837974085ABD79E69 /* GCMConfig.h */,
				D73F444A978F43BFA1FA8CC9 /* GCMPubSub.h */,
				4B59CC27E8E14AD086239768 /* GCMReceiverDelegate.h */,
				EDBBDCCCB36344A6B5035AB6 /* GCMService.h */,
				510E213FDB5C4FE2B89CD187 /* GoogleCloudMessaging.h */,
				F34FBE4B673A4CBAB34AFC88 /* CDVDevice.m */,
				86C9EFC5FAF748989A96CF9F /* CDVDevice.h */,
				29A4F7E2670C4BB1BDAB46F2 /* CDVNotification.m */,
				3CE1E859BA274CBA8C137B74 /* CDVNotification.h */,
				4BC74B6EF14A42F094AADCF9 /* CDVInAppBrowser.m */,
				E0A7D64AE7E44C39B82C9C7D /* CDVInAppBrowser.h */,
				8BEF2C9FE71D450895B6432B /* CDVConnection.m */,
				55F045EDEDCC4AFFB102483C /* CDVReachability.m */,
				827EC972C495466B84600E83 /* CDVConnection.h */,
				22F76853ED834119B8F9B488 /* CDVReachability.h */,
				820E18D64C244E7EB56D56D2 /* CDVStatusBar.m */,
				379296C3DE7044AABAB8564B /* CDVStatusBar.h */,
			);
			name = Plugins;
			path = "Arké/Plugins";
			sourceTree = SOURCE_ROOT;
		};
		EB87FDF11871DA420020F90C /* Staging */ = {
			isa = PBXGroup;
			children = (
				F840E1F0165FE0F500CFE078 /* config.xml */,
				301BF56E109A69640062928A /* www */,
			);
			name = Staging;
			sourceTree = "<group>";
		};
/* End PBXGroup section */

/* Begin PBXNativeTarget section */
		1D6058900D05DD3D006BFB54 /* Arké */ = {
			isa = PBXNativeTarget;
			buildConfigurationList = 1D6058960D05DD3E006BFB54 /* Build configuration list for PBXNativeTarget "Arké" */;
			buildPhases = (
				304B58A110DAC018002A0835 /* Copy www directory */,
				1D60588D0D05DD3D006BFB54 /* Resources */,
				1D60588E0D05DD3D006BFB54 /* Sources */,
				1D60588F0D05DD3D006BFB54 /* Frameworks */,
			);
			buildRules = (
			);
			dependencies = (
				301BF551109A68C00062928A /* PBXTargetDependency */,
			);
			name = "Arké";
			productName = "Arké";
			productReference = 1D6058910D05DD3D006BFB54 /* Arké.app */;
			productType = "com.apple.product-type.application";
		};
/* End PBXNativeTarget section */

/* Begin PBXProject section */
		29B97313FDCFA39411CA2CEA /* Project object */ = {
			isa = PBXProject;
			attributes = {
				LastUpgradeCheck = 510;
			};
			buildConfigurationList = C01FCF4E08A954540054247B /* Build configuration list for PBXProject "__NON-CLI__" */;
			compatibilityVersion = "Xcode 3.2";
			developmentRegion = English;
			hasScannedForEncodings = 1;
			mainGroup = 29B97314FDCFA39411CA2CEA /* CustomTemplate */;
			projectDirPath = "";
			projectReferences = (
				{
					ProductGroup = 301BF52E109A57CC0062928A /* Products */;
					ProjectRef = 301BF52D109A57CC0062928A /* CordovaLib.xcodeproj */;
				},
			);
			projectRoot = "";
			targets = (
				1D6058900D05DD3D006BFB54 /* Arké */,
			);
		};
/* End PBXProject section */

/* Begin PBXReferenceProxy section */
		301BF535109A57CC0062928A /* libCordova.a */ = {
			isa = PBXReferenceProxy;
			fileType = archive.ar;
			path = libCordova.a;
			remoteRef = 301BF534109A57CC0062928A /* PBXContainerItemProxy */;
			sourceTree = BUILT_PRODUCTS_DIR;
		};
/* End PBXReferenceProxy section */

/* Begin PBXResourcesBuildPhase section */
		1D60588D0D05DD3D006BFB54 /* Resources */ = {
			isa = PBXResourcesBuildPhase;
			buildActionMask = 2147483647;
			files = (
				302D95F214D2391D003F00A1 /* MainViewController.xib in Resources */,
				0207DA581B56EA530066E2B4 /* Images.xcassets in Resources */,
				6AFF5BF91D6E424B00AB3073 /* CDVLaunchScreen.storyboard in Resources */,
				EDC71810C095476F99C4149B /* CDVNotification.bundle in Resources */,
			);
			runOnlyForDeploymentPostprocessing = 0;
		};
/* End PBXResourcesBuildPhase section */

/* Begin PBXShellScriptBuildPhase section */
		304B58A110DAC018002A0835 /* Copy www directory */ = {
			isa = PBXShellScriptBuildPhase;
			buildActionMask = 2147483647;
			files = (
			);
			inputPaths = (
			);
			name = "Copy www directory";
			outputPaths = (
			);
			runOnlyForDeploymentPostprocessing = 0;
			shellPath = /bin/sh;
			shellScript = "NODEJS_PATH=/usr/local/bin; NVM_NODE_PATH=~/.nvm/versions/node/`nvm version 2>/dev/null`/bin; N_NODE_PATH=`find /usr/local/n/versions/node/* -maxdepth 0 -type d 2>/dev/null | tail -1`/bin; XCODE_NODE_PATH=`xcode-select --print-path`/usr/share/xcs/Node/bin; PATH=$NODEJS_PATH:$NVM_NODE_PATH:$N_NODE_PATH:$XCODE_NODE_PATH:$PATH && node cordova/lib/copy-www-build-step.js";
			showEnvVarsInLog = 0;
		};
/* End PBXShellScriptBuildPhase section */

/* Begin PBXSourcesBuildPhase section */
		1D60588E0D05DD3D006BFB54 /* Sources */ = {
			isa = PBXSourcesBuildPhase;
			buildActionMask = 2147483647;
			files = (
				1D60589B0D05DD56006BFB54 /* main.m in Sources */,
				1D3623260D0F684500981E51 /* AppDelegate.m in Sources */,
				302D95F114D2391D003F00A1 /* MainViewController.m in Sources */,
				1762EF0B9B274E8EA9361B20 /* AppDelegate+notification.m in Sources */,
				423A589E5C8D464290BB92B6 /* PushPlugin.m in Sources */,
				62683F2E6D344D6C954A3D71 /* CDVDevice.m in Sources */,
				451E4FD698784903B652A88A /* CDVNotification.m in Sources */,
				4F173B4A93BA4862ABDFBD65 /* CDVInAppBrowser.m in Sources */,
				DCA6698C09F7418F9D2275D6 /* CDVConnection.m in Sources */,
				C16A4C6F0CD447B6A741B212 /* CDVReachability.m in Sources */,
				6D2FB215A9A14320A050DB54 /* CDVStatusBar.m in Sources */,
			);
			runOnlyForDeploymentPostprocessing = 0;
		};
/* End PBXSourcesBuildPhase section */

/* Begin PBXTargetDependency section */
		301BF551109A68C00062928A /* PBXTargetDependency */ = {
			isa = PBXTargetDependency;
			name = CordovaLib;
			targetProxy = 301BF550109A68C00062928A /* PBXContainerItemProxy */;
		};
/* End PBXTargetDependency section */

/* Begin XCBuildConfiguration section */
		1D6058940D05DD3E006BFB54 /* Debug */ = {
			isa = XCBuildConfiguration;
			baseConfigurationReference = 3047A50F1AB8059700498E2A /* build-debug.xcconfig */;
			buildSettings = {
				ALWAYS_SEARCH_USER_PATHS = NO;
				ASSETCATALOG_COMPILER_APPICON_NAME = AppIcon;
				ASSETCATALOG_COMPILER_LAUNCHIMAGE_NAME = LaunchImage;
				CLANG_ENABLE_MODULES = YES;
				CLANG_ENABLE_OBJC_ARC = YES;
				COPY_PHASE_STRIP = NO;
				GCC_DYNAMIC_NO_PIC = NO;
				GCC_OPTIMIZATION_LEVEL = 0;
				GCC_PRECOMPILE_PREFIX_HEADER = YES;
				GCC_PREFIX_HEADER = "Arké/Arké-Prefix.pch";
				GCC_THUMB_SUPPORT = NO;
				GCC_VERSION = "";
				INFOPLIST_FILE = "Arké/Arké-Info.plist";
				IPHONEOS_DEPLOYMENT_TARGET = 8.0;
				LD_RUNPATH_SEARCH_PATHS = "@executable_path/Frameworks";
				TARGETED_DEVICE_FAMILY = "1,2";
				PRODUCT_NAME = "Arké";
				LIBRARY_SEARCH_PATHS = (
					"$(inherited)",
					"\"$(SRCROOT)/Arké/Plugins/phonegap-plugin-push/GCM/Libraries\"",
					"\"$(SRCROOT)/Arké/Plugins/phonegap-plugin-push/GCM/Libraries\"",
					"\"$(SRCROOT)/Arké/Plugins/phonegap-plugin-push/GCM/Libraries\"",
					"\"$(SRCROOT)/Arké/Plugins/phonegap-plugin-push/GCM/Libraries\"",
					"\"$(SRCROOT)/Arké/Plugins/phonegap-plugin-push/GCM/Libraries\"",
					"\"$(SRCROOT)/Arké/Plugins/phonegap-plugin-push/GCM/Libraries\"",
					"\"$(SRCROOT)/Arké/Plugins/phonegap-plugin-push/GCM/Libraries\"",
					"\"$(SRCROOT)/Arké/Plugins/phonegap-plugin-push/GCM/Libraries\"",
					"\"$(SRCROOT)/Arké/Plugins/phonegap-plugin-push/GCM/Libraries\"",
					"\"$(SRCROOT)/Arké/Plugins/phonegap-plugin-push/GCM/Libraries\"",
					"\"$(SRCROOT)/Arké/Plugins/phonegap-plugin-push/GCM/Libraries\"",
					"\"$(SRCROOT)/Arké/Plugins/phonegap-plugin-push/GCM/Libraries\"",
					"\"$(SRCROOT)/Arké/Plugins/phonegap-plugin-push/GCM/Libraries\"",
					"\"$(SRCROOT)/Arké/Plugins/phonegap-plugin-push/GCM/Libraries\"",
					"\"$(SRCROOT)/Arké/Plugins/phonegap-plugin-push/GCM/Libraries\"",
					"\"$(SRCROOT)/Arké/Plugins/phonegap-plugin-push/GCM/Libraries\"",
					"\"$(SRCROOT)/Arké/Plugins/phonegap-plugin-push/GCM/Libraries\"",
					"\"$(SRCROOT)/Arké/Plugins/phonegap-plugin-push/GCM/Libraries\"",
					"\"$(SRCROOT)/Arké/Plugins/phonegap-plugin-push/GCM/Libraries\"",
					"\"$(SRCROOT)/Arké/Plugins/phonegap-plugin-push/GCM/Libraries\"",
					"\"$(SRCROOT)/Arké/Plugins/phonegap-plugin-push/GCM/Libraries\"",
					"\"$(SRCROOT)/Arké/Plugins/phonegap-plugin-push/GCM/Libraries\"",
					"\"$(SRCROOT)/Arké/Plugins/phonegap-plugin-push/GCM/Libraries\"",
					"\"$(SRCROOT)/Arké/Plugins/phonegap-plugin-push/GCM/Libraries\"",
					"\"$(SRCROOT)/Arké/Plugins/phonegap-plugin-push/GCM/Libraries\"",
					"\"$(SRCROOT)/Arké/Plugins/phonegap-plugin-push/GCM/Libraries\"",
				);
			};
			name = Debug;
		};
		1D6058950D05DD3E006BFB54 /* Release */ = {
			isa = XCBuildConfiguration;
			baseConfigurationReference = 3047A5101AB8059700498E2A /* build-release.xcconfig */;
			buildSettings = {
				ALWAYS_SEARCH_USER_PATHS = NO;
				ASSETCATALOG_COMPILER_APPICON_NAME = AppIcon;
				ASSETCATALOG_COMPILER_LAUNCHIMAGE_NAME = LaunchImage;
				CLANG_ENABLE_MODULES = YES;
				CLANG_ENABLE_OBJC_ARC = YES;
				COPY_PHASE_STRIP = YES;
				GCC_PRECOMPILE_PREFIX_HEADER = YES;
				GCC_PREFIX_HEADER = "Arké/Arké-Prefix.pch";
				GCC_THUMB_SUPPORT = NO;
				GCC_VERSION = "";
				INFOPLIST_FILE = "Arké/Arké-Info.plist";
				IPHONEOS_DEPLOYMENT_TARGET = 8.0;
				LD_RUNPATH_SEARCH_PATHS = "@executable_path/Frameworks";
				TARGETED_DEVICE_FAMILY = "1,2";
				PRODUCT_NAME = "Arké";
				LIBRARY_SEARCH_PATHS = (
					"$(inherited)",
					"\"$(SRCROOT)/Arké/Plugins/phonegap-plugin-push/GCM/Libraries\"",
					"\"$(SRCROOT)/Arké/Plugins/phonegap-plugin-push/GCM/Libraries\"",
					"\"$(SRCROOT)/Arké/Plugins/phonegap-plugin-push/GCM/Libraries\"",
					"\"$(SRCROOT)/Arké/Plugins/phonegap-plugin-push/GCM/Libraries\"",
					"\"$(SRCROOT)/Arké/Plugins/phonegap-plugin-push/GCM/Libraries\"",
					"\"$(SRCROOT)/Arké/Plugins/phonegap-plugin-push/GCM/Libraries\"",
					"\"$(SRCROOT)/Arké/Plugins/phonegap-plugin-push/GCM/Libraries\"",
					"\"$(SRCROOT)/Arké/Plugins/phonegap-plugin-push/GCM/Libraries\"",
					"\"$(SRCROOT)/Arké/Plugins/phonegap-plugin-push/GCM/Libraries\"",
					"\"$(SRCROOT)/Arké/Plugins/phonegap-plugin-push/GCM/Libraries\"",
					"\"$(SRCROOT)/Arké/Plugins/phonegap-plugin-push/GCM/Libraries\"",
					"\"$(SRCROOT)/Arké/Plugins/phonegap-plugin-push/GCM/Libraries\"",
					"\"$(SRCROOT)/Arké/Plugins/phonegap-plugin-push/GCM/Libraries\"",
					"\"$(SRCROOT)/Arké/Plugins/phonegap-plugin-push/GCM/Libraries\"",
					"\"$(SRCROOT)/Arké/Plugins/phonegap-plugin-push/GCM/Libraries\"",
					"\"$(SRCROOT)/Arké/Plugins/phonegap-plugin-push/GCM/Libraries\"",
					"\"$(SRCROOT)/Arké/Plugins/phonegap-plugin-push/GCM/Libraries\"",
					"\"$(SRCROOT)/Arké/Plugins/phonegap-plugin-push/GCM/Libraries\"",
					"\"$(SRCROOT)/Arké/Plugins/phonegap-plugin-push/GCM/Libraries\"",
					"\"$(SRCROOT)/Arké/Plugins/phonegap-plugin-push/GCM/Libraries\"",
					"\"$(SRCROOT)/Arké/Plugins/phonegap-plugin-push/GCM/Libraries\"",
					"\"$(SRCROOT)/Arké/Plugins/phonegap-plugin-push/GCM/Libraries\"",
					"\"$(SRCROOT)/Arké/Plugins/phonegap-plugin-push/GCM/Libraries\"",
					"\"$(SRCROOT)/Arké/Plugins/phonegap-plugin-push/GCM/Libraries\"",
					"\"$(SRCROOT)/Arké/Plugins/phonegap-plugin-push/GCM/Libraries\"",
					"\"$(SRCROOT)/Arké/Plugins/phonegap-plugin-push/GCM/Libraries\"",
				);
			};
			name = Release;
		};
		C01FCF4F08A954540054247B /* Debug */ = {
			isa = XCBuildConfiguration;
			baseConfigurationReference = 3047A5111AB8059700498E2A /* build.xcconfig */;
			buildSettings = {
				CLANG_ENABLE_MODULES = YES;
				CLANG_ENABLE_OBJC_ARC = YES;
				CLANG_WARN_BOOL_CONVERSION = YES;
				CLANG_WARN_CONSTANT_CONVERSION = YES;
				CLANG_WARN_EMPTY_BODY = YES;
				CLANG_WARN_ENUM_CONVERSION = YES;
				CLANG_WARN_INT_CONVERSION = YES;
				CLANG_WARN__DUPLICATE_METHOD_MATCH = YES;
				GCC_C_LANGUAGE_STANDARD = c99;
				GCC_THUMB_SUPPORT = NO;
				GCC_VERSION = "";
				GCC_WARN_ABOUT_RETURN_TYPE = YES;
				GCC_WARN_UNDECLARED_SELECTOR = YES;
				GCC_WARN_UNINITIALIZED_AUTOS = YES;
				GCC_WARN_UNUSED_FUNCTION = YES;
				GCC_WARN_UNUSED_VARIABLE = YES;
				ONLY_ACTIVE_ARCH = YES;
				SDKROOT = iphoneos;
				SKIP_INSTALL = NO;
				TARGETED_DEVICE_FAMILY = "1,2";
				ASSETCATALOG_COMPILER_LAUNCHIMAGE_NAME = LaunchImage;
			};
			name = Debug;
		};
		C01FCF5008A954540054247B /* Release */ = {
			isa = XCBuildConfiguration;
			baseConfigurationReference = 3047A5111AB8059700498E2A /* build.xcconfig */;
			buildSettings = {
				CLANG_ENABLE_MODULES = YES;
				CLANG_ENABLE_OBJC_ARC = YES;
				CLANG_WARN_BOOL_CONVERSION = YES;
				CLANG_WARN_CONSTANT_CONVERSION = YES;
				CLANG_WARN_EMPTY_BODY = YES;
				CLANG_WARN_ENUM_CONVERSION = YES;
				CLANG_WARN_INT_CONVERSION = YES;
				CLANG_WARN__DUPLICATE_METHOD_MATCH = YES;
				GCC_C_LANGUAGE_STANDARD = c99;
				GCC_THUMB_SUPPORT = NO;
				GCC_VERSION = "";
				GCC_WARN_ABOUT_RETURN_TYPE = YES;
				GCC_WARN_UNDECLARED_SELECTOR = YES;
				GCC_WARN_UNINITIALIZED_AUTOS = YES;
				GCC_WARN_UNUSED_FUNCTION = YES;
				GCC_WARN_UNUSED_VARIABLE = YES;
				SDKROOT = iphoneos;
				SKIP_INSTALL = NO;
				TARGETED_DEVICE_FAMILY = "1,2";
				ASSETCATALOG_COMPILER_LAUNCHIMAGE_NAME = LaunchImage;
			};
			name = Release;
		};
/* End XCBuildConfiguration section */

/* Begin XCConfigurationList section */
		1D6058960D05DD3E006BFB54 /* Build configuration list for PBXNativeTarget "Arké" */ = {
			isa = XCConfigurationList;
			buildConfigurations = (
				1D6058940D05DD3E006BFB54 /* Debug */,
				1D6058950D05DD3E006BFB54 /* Release */,
			);
			defaultConfigurationIsVisible = 0;
			defaultConfigurationName = Release;
		};
		C01FCF4E08A954540054247B /* Build configuration list for PBXProject "__NON-CLI__" */ = {
			isa = XCConfigurationList;
			buildConfigurations = (
				C01FCF4F08A954540054247B /* Debug */,
				C01FCF5008A954540054247B /* Release */,
			);
			defaultConfigurationIsVisible = 0;
			defaultConfigurationName = Release;
		};
/* End XCConfigurationList section */
	};
	rootObject = 29B97313FDCFA39411CA2CEA /* Project object */;
}
