// !$*UTF8*$!
{
	archiveVersion = 1;
	classes = {
	};
	objectVersion = 46;
	objects = {
/* Begin PBXBuildFile section */
		0207DA581B56EA530066E2B4 /* Images.xcassets in Resources */ = {isa = PBXBuildFile; fileRef = 0207DA571B56EA530066E2B4 /* Images.xcassets */; };
		1D3623260D0F684500981E51 /* AppDelegate.m in Sources */ = {isa = PBXBuildFile; fileRef = 1D3623250D0F684500981E51 /* AppDelegate.m */; };
		1D60589B0D05DD56006BFB54 /* main.m in Sources */ = {isa = PBXBuildFile; fileRef = 29B97316FDCFA39411CA2CEA /* main.m */; };
		301BF552109A68D80062928A /* libCordova.a in Frameworks */ = {isa = PBXBuildFile; fileRef = 301BF535109A57CC0062928A /* libCordova.a */; };
		302D95F114D2391D003F00A1 /* MainViewController.m in Sources */ = {isa = PBXBuildFile; fileRef = 302D95EF14D2391D003F00A1 /* MainViewController.m */; };
		302D95F214D2391D003F00A1 /* MainViewController.xib in Resources */ = {isa = PBXBuildFile; fileRef = 302D95F014D2391D003F00A1 /* MainViewController.xib */; };
		3047A5121AB8059700498E2A /* build-debug.xcconfig in Resources */ = {isa = PBXBuildFile; fileRef = 3047A50F1AB8059700498E2A /* build-debug.xcconfig */; };
		3047A5131AB8059700498E2A /* build-release.xcconfig in Resources */ = {isa = PBXBuildFile; fileRef = 3047A5101AB8059700498E2A /* build-release.xcconfig */; };
		3047A5141AB8059700498E2A /* build.xcconfig in Resources */ = {isa = PBXBuildFile; fileRef = 3047A5111AB8059700498E2A /* build.xcconfig */; };
		6AFF5BF91D6E424B00AB3073 /* CDVLaunchScreen.storyboard in Resources */ = {isa = PBXBuildFile; fileRef = 6AFF5BF81D6E424B00AB3073 /* CDVLaunchScreen.storyboard */; };
		E14A192D17AA428D92E25A5F /* AppDelegate+notification.m in Sources */ = {isa = PBXBuildFile; fileRef = 190A93D994A94D62B2887117 /* AppDelegate+notification.m */; };
		E0AAFB20AA57462AA1304E1F /* PushPlugin.m in Sources */ = {isa = PBXBuildFile; fileRef = 46A28F55839049AE801A6B8B /* PushPlugin.m */; };
		2989A22FC2F148408D613027 /* libGGLCloudMessaging.a in Frameworks */ = {isa = PBXBuildFile; fileRef = FF1B903B4C644E36B2B3E652 /* libGGLCloudMessaging.a */; };
		6524DA7A558341439E8E9F26 /* libGGLCore.a in Frameworks */ = {isa = PBXBuildFile; fileRef = 7E93859608EA4F468A8DBE15 /* libGGLCore.a */; };
		B2894344D56D41128CDFA1AC /* libGGLInstanceIDLib.a in Frameworks */ = {isa = PBXBuildFile; fileRef = B2965885C45A449982EE4417 /* libGGLInstanceIDLib.a */; };
		951A4E6A28B448DC96B5D4D1 /* libGIP_Reachability.a in Frameworks */ = {isa = PBXBuildFile; fileRef = 51766696D9E34DC18D8F6C6F /* libGIP_Reachability.a */; };
		4E92415B6064469D86E0D3F6 /* libGSDK_Overload.a in Frameworks */ = {isa = PBXBuildFile; fileRef = 72C80FE1185D4C27AD176A35 /* libGSDK_Overload.a */; };
		297955AD738742F88CC43A34 /* libGTMSessionFetcher_core.a in Frameworks */ = {isa = PBXBuildFile; fileRef = 2C88242EB9674308AE4C81C3 /* libGTMSessionFetcher_core.a */; };
		655ED0FB5A4A4F35A11FCCB2 /* libGTMSessionFetcher_full.a in Frameworks */ = {isa = PBXBuildFile; fileRef = EC48EC501C1B4E68B2AFA2B7 /* libGTMSessionFetcher_full.a */; };
		FD824AEA5D3C44BE801A0632 /* libGTMStackTrace.a in Frameworks */ = {isa = PBXBuildFile; fileRef = D747981A68064EDC940BE67A /* libGTMStackTrace.a */; };
		E29D09A36E244EB3ADF46A57 /* libGTM_AddressBook.a in Frameworks */ = {isa = PBXBuildFile; fileRef = 510CEDA4F0DC4207BB75FCE4 /* libGTM_AddressBook.a */; };
		56414DEE29194212B65F6E8F /* libGTM_DebugUtils.a in Frameworks */ = {isa = PBXBuildFile; fileRef = 9A08DF28F7FD4237912FB2AF /* libGTM_DebugUtils.a */; };
		4FAB3B0181C74D0DA0771A4F /* libGTM_GTMURLBuilder.a in Frameworks */ = {isa = PBXBuildFile; fileRef = F2B844A4210C4DC2AF51D2C2 /* libGTM_GTMURLBuilder.a */; };
		74E13AB84ED1483E92FBFA32 /* libGTM_KVO.a in Frameworks */ = {isa = PBXBuildFile; fileRef = 5186B7A0212D45FD93BF5DFF /* libGTM_KVO.a */; };
		F4B14997E4AD4589AB6989E1 /* libGTM_NSData+zlib.a in Frameworks */ = {isa = PBXBuildFile; fileRef = ACCF79374BC64ADFBC0DFEF1 /* libGTM_NSData+zlib.a */; };
		4427DA3BEE2A40449BF8856A /* libGTM_NSDictionary+URLArguments.a in Frameworks */ = {isa = PBXBuildFile; fileRef = C9FC46326D4C449E80AFA562 /* libGTM_NSDictionary+URLArguments.a */; };
		C4C9D60DF1EF4208AAE1B2AE /* libGTM_NSScannerJSON.a in Frameworks */ = {isa = PBXBuildFile; fileRef = D8F2F901B2D74C94847BF947 /* libGTM_NSScannerJSON.a */; };
		782678FC74EB4F87B5E17C48 /* libGTM_NSStringHTML.a in Frameworks */ = {isa = PBXBuildFile; fileRef = BFFECB6994574CD09E51E347 /* libGTM_NSStringHTML.a */; };
		D22F10CC1FEF444F91A28B1D /* libGTM_NSStringXML.a in Frameworks */ = {isa = PBXBuildFile; fileRef = DB1FE737F4D84A178A41F5FE /* libGTM_NSStringXML.a */; };
		C01BC078B0F34CDEB46021F1 /* libGTM_Regex.a in Frameworks */ = {isa = PBXBuildFile; fileRef = 23F27627726A4DE0AEF58D44 /* libGTM_Regex.a */; };
		A6A80831905C4A29B6B3AC7D /* libGTM_RoundedRectPath.a in Frameworks */ = {isa = PBXBuildFile; fileRef = 7216AADFE6B140E4B9944C9E /* libGTM_RoundedRectPath.a */; };
		907631F49C21417A81CB9D73 /* libGTM_StringEncoding.a in Frameworks */ = {isa = PBXBuildFile; fileRef = 649E559F7CC74CB8B5BD2172 /* libGTM_StringEncoding.a */; };
		51F67289E72D406D8378624B /* libGTM_SystemVersion.a in Frameworks */ = {isa = PBXBuildFile; fileRef = 1762E748024C4D798A2A0AB6 /* libGTM_SystemVersion.a */; };
		72FD96AB52BD4EC3AA7F9609 /* libGTM_UIFont+LineHeight.a in Frameworks */ = {isa = PBXBuildFile; fileRef = B496CCEDCE2D42239C3379BF /* libGTM_UIFont+LineHeight.a */; };
		D11712B2A7BF416DAB84CBCF /* libGTM_core.a in Frameworks */ = {isa = PBXBuildFile; fileRef = AFA53366CD9647FD80991195 /* libGTM_core.a */; };
		1A8B2E5FD8384464AEB24900 /* libGTM_iPhone.a in Frameworks */ = {isa = PBXBuildFile; fileRef = 52396F9DD611455DBA8701E7 /* libGTM_iPhone.a */; };
		8ED5A5F7CD5544588B07B5A1 /* libGcmLib.a in Frameworks */ = {isa = PBXBuildFile; fileRef = D05CC0EABCF54A0C97179F34 /* libGcmLib.a */; };
		5997D4213FAD4288BE95404B /* libProtocolBuffers.a in Frameworks */ = {isa = PBXBuildFile; fileRef = C16F3DD3BE24405097427896 /* libProtocolBuffers.a */; };
		C135D9739FA3410CAC51845C /* AddressBook.framework in Frameworks */ = {isa = PBXBuildFile; fileRef = C1D666216B444F8DBA97078C /* AddressBook.framework */; };
		DB7AE7D512ED4EB986CC77B3 /* libsqlite3.tbd in Frameworks */ = {isa = PBXBuildFile; fileRef = EF2F910AC54143F38BC11FCE /* libsqlite3.tbd */; };
		EA9599DAFE3C4F6288147188 /* libz.tbd in Frameworks */ = {isa = PBXBuildFile; fileRef = 8A8FBBE59ADB4BA8B6BDDC20 /* libz.tbd */; };
		D64409045C7043C09FD1320C /* CDVDevice.m in Sources */ = {isa = PBXBuildFile; fileRef = B49A69059AD1408B8D45DE3E /* CDVDevice.m */; };
		6958CEE005BE4A53A0CF3637 /* CDVNotification.m in Sources */ = {isa = PBXBuildFile; fileRef = 0973BE2D76ED4CA2ABC399B6 /* CDVNotification.m */; };
		707B80F604914A05BF2FEAB3 /* CDVNotification.bundle in Resources */ = {isa = PBXBuildFile; fileRef = A78FC7658C7147D4B997EC65 /* CDVNotification.bundle */; };
		8A7E2BD9506248C7AAE167D3 /* AudioToolbox.framework in Frameworks */ = {isa = PBXBuildFile; fileRef = FEEB3525DA3A40FEB17B1B01 /* AudioToolbox.framework */; settings = {ATTRIBUTES = (Weak, ); }; };
		F906BEA15C0D4C79BA71D30F /* CDVInAppBrowser.m in Sources */ = {isa = PBXBuildFile; fileRef = 6F8CEE511EB84AA0A2315136 /* CDVInAppBrowser.m */; };
		12E87ACEFF9C42A8BAC9C1AC /* CDVConnection.m in Sources */ = {isa = PBXBuildFile; fileRef = 7A70DF7433884A63A9C049CA /* CDVConnection.m */; };
		A642C6A3327B4480B9D8B97B /* CDVReachability.m in Sources */ = {isa = PBXBuildFile; fileRef = 13AC7968FC624F3C9F56D1AD /* CDVReachability.m */; };
		3453529E54494063AEBFFAA8 /* SystemConfiguration.framework in Frameworks */ = {isa = PBXBuildFile; fileRef = D254EDC2FF3C44F589ED2AE4 /* SystemConfiguration.framework */; settings = {ATTRIBUTES = (Weak, ); }; };
		D94C00E76A124B94AAF4B268 /* CoreTelephony.framework in Frameworks */ = {isa = PBXBuildFile; fileRef = D99FD141FF1A466BACB2B648 /* CoreTelephony.framework */; };
		66EC448D41A74F95AC61C763 /* CDVStatusBar.m in Sources */ = {isa = PBXBuildFile; fileRef = 930787663CD045A98675BE1C /* CDVStatusBar.m */; };
/* End PBXBuildFile section */

/* Begin PBXContainerItemProxy section */
		301BF534109A57CC0062928A /* PBXContainerItemProxy */ = {
			isa = PBXContainerItemProxy;
			containerPortal = 301BF52D109A57CC0062928A /* CordovaLib.xcodeproj */;
			proxyType = 2;
			remoteGlobalIDString = D2AAC07E0554694100DB518D;
			remoteInfo = CordovaLib;
		};
		301BF550109A68C00062928A /* PBXContainerItemProxy */ = {
			isa = PBXContainerItemProxy;
			containerPortal = 301BF52D109A57CC0062928A /* CordovaLib.xcodeproj */;
			proxyType = 1;
			remoteGlobalIDString = D2AAC07D0554694100DB518D;
			remoteInfo = CordovaLib;
		};
/* End PBXContainerItemProxy section */

/* Begin PBXFileReference section */
		0207DA571B56EA530066E2B4 /* Images.xcassets */ = {isa = PBXFileReference; lastKnownFileType = folder.assetcatalog; name = Images.xcassets; path = "Arkè/Images.xcassets"; sourceTree = SOURCE_ROOT; };
		1D3623240D0F684500981E51 /* AppDelegate.h */ = {isa = PBXFileReference; fileEncoding = 4; lastKnownFileType = sourcecode.c.h; path = AppDelegate.h; sourceTree = "<group>"; };
		1D3623250D0F684500981E51 /* AppDelegate.m */ = {isa = PBXFileReference; fileEncoding = 4; lastKnownFileType = sourcecode.c.objc; path = AppDelegate.m; sourceTree = "<group>"; };
		1D6058910D05DD3D006BFB54 /* Arkè.app */ = {isa = PBXFileReference; explicitFileType = wrapper.application; includeInIndex = 0; path = "Arkè.app"; sourceTree = BUILT_PRODUCTS_DIR; };
		29B97316FDCFA39411CA2CEA /* main.m */ = {isa = PBXFileReference; fileEncoding = 4; lastKnownFileType = sourcecode.c.objc; path = main.m; sourceTree = "<group>"; };
		301BF52D109A57CC0062928A /* CordovaLib.xcodeproj */ = {isa = PBXFileReference; lastKnownFileType = "wrapper.pb-project"; name = CordovaLib.xcodeproj; path = CordovaLib/CordovaLib.xcodeproj; sourceTree = "<group>"; };
		301BF56E109A69640062928A /* www */ = {isa = PBXFileReference; lastKnownFileType = folder; path = www; sourceTree = SOURCE_ROOT; };
		302D95EE14D2391D003F00A1 /* MainViewController.h */ = {isa = PBXFileReference; fileEncoding = 4; lastKnownFileType = sourcecode.c.h; path = MainViewController.h; sourceTree = "<group>"; };
		302D95EF14D2391D003F00A1 /* MainViewController.m */ = {isa = PBXFileReference; fileEncoding = 4; lastKnownFileType = sourcecode.c.objc; path = MainViewController.m; sourceTree = "<group>"; };
		302D95F014D2391D003F00A1 /* MainViewController.xib */ = {isa = PBXFileReference; fileEncoding = 4; lastKnownFileType = file.xib; path = MainViewController.xib; sourceTree = "<group>"; };
		3047A50F1AB8059700498E2A /* build-debug.xcconfig */ = {isa = PBXFileReference; fileEncoding = 4; lastKnownFileType = text.xcconfig; name = "build-debug.xcconfig"; path = cordova/build-debug.xcconfig; sourceTree = SOURCE_ROOT; };
		3047A5101AB8059700498E2A /* build-release.xcconfig */ = {isa = PBXFileReference; fileEncoding = 4; lastKnownFileType = text.xcconfig; name = "build-release.xcconfig"; path = cordova/build-release.xcconfig; sourceTree = SOURCE_ROOT; };
		3047A5111AB8059700498E2A /* build.xcconfig */ = {isa = PBXFileReference; fileEncoding = 4; lastKnownFileType = text.xcconfig; name = build.xcconfig; path = cordova/build.xcconfig; sourceTree = SOURCE_ROOT; };
		32CA4F630368D1EE00C91783 /* Arkè-Prefix.pch */ = {isa = PBXFileReference; fileEncoding = 4; lastKnownFileType = sourcecode.c.h; path = "Arkè-Prefix.pch"; sourceTree = "<group>"; };
		6AFF5BF81D6E424B00AB3073 /* CDVLaunchScreen.storyboard */ = {isa = PBXFileReference; fileEncoding = 4; lastKnownFileType = file.storyboard; name = CDVLaunchScreen.storyboard; path = "Arkè/CDVLaunchScreen.storyboard"; sourceTree = SOURCE_ROOT; };
		8D1107310486CEB800E47090 /* Arkè-Info.plist */ = {isa = PBXFileReference; fileEncoding = 4; lastKnownFileType = text.plist.xml; name = "Arkè-Info.plist"; path = "Arkè/Arkè-Info.plist"; plistStructureDefinitionIdentifier = "com.apple.xcode.plist.structure-definition.iphone.info-plist"; sourceTree = SOURCE_ROOT; };
		EB87FDF31871DA8E0020F90C /* www */ = {isa = PBXFileReference; lastKnownFileType = folder; name = www; path = ../../www; sourceTree = "<group>"; };
		EB87FDF41871DAF40020F90C /* config.xml */ = {isa = PBXFileReference; lastKnownFileType = text.xml; name = config.xml; path = ../../config.xml; sourceTree = "<group>"; };
		F840E1F0165FE0F500CFE078 /* config.xml */ = {isa = PBXFileReference; lastKnownFileType = text.xml; name = config.xml; path = "Arkè/config.xml"; sourceTree = "<group>"; };
		ED33DF2A687741AEAF9F8254 /* Bridging-Header.h */ = {isa = PBXFileReference; fileEncoding = 4; lastKnownFileType = sourcecode.c.h; name = "Bridging-Header.h"; path = "Bridging-Header.h"; sourceTree = "<group>"; };
		190A93D994A94D62B2887117 /* AppDelegate+notification.m */ = {isa = PBXFileReference; name = "AppDelegate+notification.m"; path = "phonegap-plugin-push/AppDelegate+notification.m"; sourceTree = "<group>"; fileEncoding = 4; lastKnownFileType = sourcecode.c.objc; explicitFileType = undefined; includeInIndex = 0; };
		46A28F55839049AE801A6B8B /* PushPlugin.m */ = {isa = PBXFileReference; name = "PushPlugin.m"; path = "phonegap-plugin-push/PushPlugin.m"; sourceTree = "<group>"; fileEncoding = 4; lastKnownFileType = sourcecode.c.objc; explicitFileType = undefined; includeInIndex = 0; };
		FF1B903B4C644E36B2B3E652 /* libGGLCloudMessaging.a */ = {isa = PBXFileReference; name = "libGGLCloudMessaging.a"; path = "Arkè/Plugins/phonegap-plugin-push/GCM/Libraries/libGGLCloudMessaging.a"; sourceTree = "<group>"; fileEncoding = undefined; lastKnownFileType = archive.ar; explicitFileType = undefined; includeInIndex = 0; };
		7E93859608EA4F468A8DBE15 /* libGGLCore.a */ = {isa = PBXFileReference; name = "libGGLCore.a"; path = "Arkè/Plugins/phonegap-plugin-push/GCM/Libraries/libGGLCore.a"; sourceTree = "<group>"; fileEncoding = undefined; lastKnownFileType = archive.ar; explicitFileType = undefined; includeInIndex = 0; };
		B2965885C45A449982EE4417 /* libGGLInstanceIDLib.a */ = {isa = PBXFileReference; name = "libGGLInstanceIDLib.a"; path = "Arkè/Plugins/phonegap-plugin-push/GCM/Libraries/libGGLInstanceIDLib.a"; sourceTree = "<group>"; fileEncoding = undefined; lastKnownFileType = archive.ar; explicitFileType = undefined; includeInIndex = 0; };
		51766696D9E34DC18D8F6C6F /* libGIP_Reachability.a */ = {isa = PBXFileReference; name = "libGIP_Reachability.a"; path = "Arkè/Plugins/phonegap-plugin-push/GCM/Libraries/libGIP_Reachability.a"; sourceTree = "<group>"; fileEncoding = undefined; lastKnownFileType = archive.ar; explicitFileType = undefined; includeInIndex = 0; };
		72C80FE1185D4C27AD176A35 /* libGSDK_Overload.a */ = {isa = PBXFileReference; name = "libGSDK_Overload.a"; path = "Arkè/Plugins/phonegap-plugin-push/GCM/Libraries/libGSDK_Overload.a"; sourceTree = "<group>"; fileEncoding = undefined; lastKnownFileType = archive.ar; explicitFileType = undefined; includeInIndex = 0; };
		2C88242EB9674308AE4C81C3 /* libGTMSessionFetcher_core.a */ = {isa = PBXFileReference; name = "libGTMSessionFetcher_core.a"; path = "Arkè/Plugins/phonegap-plugin-push/GCM/Libraries/libGTMSessionFetcher_core.a"; sourceTree = "<group>"; fileEncoding = undefined; lastKnownFileType = archive.ar; explicitFileType = undefined; includeInIndex = 0; };
		EC48EC501C1B4E68B2AFA2B7 /* libGTMSessionFetcher_full.a */ = {isa = PBXFileReference; name = "libGTMSessionFetcher_full.a"; path = "Arkè/Plugins/phonegap-plugin-push/GCM/Libraries/libGTMSessionFetcher_full.a"; sourceTree = "<group>"; fileEncoding = undefined; lastKnownFileType = archive.ar; explicitFileType = undefined; includeInIndex = 0; };
		D747981A68064EDC940BE67A /* libGTMStackTrace.a */ = {isa = PBXFileReference; name = "libGTMStackTrace.a"; path = "Arkè/Plugins/phonegap-plugin-push/GCM/Libraries/libGTMStackTrace.a"; sourceTree = "<group>"; fileEncoding = undefined; lastKnownFileType = archive.ar; explicitFileType = undefined; includeInIndex = 0; };
		510CEDA4F0DC4207BB75FCE4 /* libGTM_AddressBook.a */ = {isa = PBXFileReference; name = "libGTM_AddressBook.a"; path = "Arkè/Plugins/phonegap-plugin-push/GCM/Libraries/libGTM_AddressBook.a"; sourceTree = "<group>"; fileEncoding = undefined; lastKnownFileType = archive.ar; explicitFileType = undefined; includeInIndex = 0; };
		9A08DF28F7FD4237912FB2AF /* libGTM_DebugUtils.a */ = {isa = PBXFileReference; name = "libGTM_DebugUtils.a"; path = "Arkè/Plugins/phonegap-plugin-push/GCM/Libraries/libGTM_DebugUtils.a"; sourceTree = "<group>"; fileEncoding = undefined; lastKnownFileType = archive.ar; explicitFileType = undefined; includeInIndex = 0; };
		F2B844A4210C4DC2AF51D2C2 /* libGTM_GTMURLBuilder.a */ = {isa = PBXFileReference; name = "libGTM_GTMURLBuilder.a"; path = "Arkè/Plugins/phonegap-plugin-push/GCM/Libraries/libGTM_GTMURLBuilder.a"; sourceTree = "<group>"; fileEncoding = undefined; lastKnownFileType = archive.ar; explicitFileType = undefined; includeInIndex = 0; };
		5186B7A0212D45FD93BF5DFF /* libGTM_KVO.a */ = {isa = PBXFileReference; name = "libGTM_KVO.a"; path = "Arkè/Plugins/phonegap-plugin-push/GCM/Libraries/libGTM_KVO.a"; sourceTree = "<group>"; fileEncoding = undefined; lastKnownFileType = archive.ar; explicitFileType = undefined; includeInIndex = 0; };
		ACCF79374BC64ADFBC0DFEF1 /* libGTM_NSData+zlib.a */ = {isa = PBXFileReference; name = "libGTM_NSData+zlib.a"; path = "Arkè/Plugins/phonegap-plugin-push/GCM/Libraries/libGTM_NSData+zlib.a"; sourceTree = "<group>"; fileEncoding = undefined; lastKnownFileType = archive.ar; explicitFileType = undefined; includeInIndex = 0; };
		C9FC46326D4C449E80AFA562 /* libGTM_NSDictionary+URLArguments.a */ = {isa = PBXFileReference; name = "libGTM_NSDictionary+URLArguments.a"; path = "Arkè/Plugins/phonegap-plugin-push/GCM/Libraries/libGTM_NSDictionary+URLArguments.a"; sourceTree = "<group>"; fileEncoding = undefined; lastKnownFileType = archive.ar; explicitFileType = undefined; includeInIndex = 0; };
		D8F2F901B2D74C94847BF947 /* libGTM_NSScannerJSON.a */ = {isa = PBXFileReference; name = "libGTM_NSScannerJSON.a"; path = "Arkè/Plugins/phonegap-plugin-push/GCM/Libraries/libGTM_NSScannerJSON.a"; sourceTree = "<group>"; fileEncoding = undefined; lastKnownFileType = archive.ar; explicitFileType = undefined; includeInIndex = 0; };
		BFFECB6994574CD09E51E347 /* libGTM_NSStringHTML.a */ = {isa = PBXFileReference; name = "libGTM_NSStringHTML.a"; path = "Arkè/Plugins/phonegap-plugin-push/GCM/Libraries/libGTM_NSStringHTML.a"; sourceTree = "<group>"; fileEncoding = undefined; lastKnownFileType = archive.ar; explicitFileType = undefined; includeInIndex = 0; };
		DB1FE737F4D84A178A41F5FE /* libGTM_NSStringXML.a */ = {isa = PBXFileReference; name = "libGTM_NSStringXML.a"; path = "Arkè/Plugins/phonegap-plugin-push/GCM/Libraries/libGTM_NSStringXML.a"; sourceTree = "<group>"; fileEncoding = undefined; lastKnownFileType = archive.ar; explicitFileType = undefined; includeInIndex = 0; };
		23F27627726A4DE0AEF58D44 /* libGTM_Regex.a */ = {isa = PBXFileReference; name = "libGTM_Regex.a"; path = "Arkè/Plugins/phonegap-plugin-push/GCM/Libraries/libGTM_Regex.a"; sourceTree = "<group>"; fileEncoding = undefined; lastKnownFileType = archive.ar; explicitFileType = undefined; includeInIndex = 0; };
		7216AADFE6B140E4B9944C9E /* libGTM_RoundedRectPath.a */ = {isa = PBXFileReference; name = "libGTM_RoundedRectPath.a"; path = "Arkè/Plugins/phonegap-plugin-push/GCM/Libraries/libGTM_RoundedRectPath.a"; sourceTree = "<group>"; fileEncoding = undefined; lastKnownFileType = archive.ar; explicitFileType = undefined; includeInIndex = 0; };
		649E559F7CC74CB8B5BD2172 /* libGTM_StringEncoding.a */ = {isa = PBXFileReference; name = "libGTM_StringEncoding.a"; path = "Arkè/Plugins/phonegap-plugin-push/GCM/Libraries/libGTM_StringEncoding.a"; sourceTree = "<group>"; fileEncoding = undefined; lastKnownFileType = archive.ar; explicitFileType = undefined; includeInIndex = 0; };
		1762E748024C4D798A2A0AB6 /* libGTM_SystemVersion.a */ = {isa = PBXFileReference; name = "libGTM_SystemVersion.a"; path = "Arkè/Plugins/phonegap-plugin-push/GCM/Libraries/libGTM_SystemVersion.a"; sourceTree = "<group>"; fileEncoding = undefined; lastKnownFileType = archive.ar; explicitFileType = undefined; includeInIndex = 0; };
		B496CCEDCE2D42239C3379BF /* libGTM_UIFont+LineHeight.a */ = {isa = PBXFileReference; name = "libGTM_UIFont+LineHeight.a"; path = "Arkè/Plugins/phonegap-plugin-push/GCM/Libraries/libGTM_UIFont+LineHeight.a"; sourceTree = "<group>"; fileEncoding = undefined; lastKnownFileType = archive.ar; explicitFileType = undefined; includeInIndex = 0; };
		AFA53366CD9647FD80991195 /* libGTM_core.a */ = {isa = PBXFileReference; name = "libGTM_core.a"; path = "Arkè/Plugins/phonegap-plugin-push/GCM/Libraries/libGTM_core.a"; sourceTree = "<group>"; fileEncoding = undefined; lastKnownFileType = archive.ar; explicitFileType = undefined; includeInIndex = 0; };
		52396F9DD611455DBA8701E7 /* libGTM_iPhone.a */ = {isa = PBXFileReference; name = "libGTM_iPhone.a"; path = "Arkè/Plugins/phonegap-plugin-push/GCM/Libraries/libGTM_iPhone.a"; sourceTree = "<group>"; fileEncoding = undefined; lastKnownFileType = archive.ar; explicitFileType = undefined; includeInIndex = 0; };
		D05CC0EABCF54A0C97179F34 /* libGcmLib.a */ = {isa = PBXFileReference; name = "libGcmLib.a"; path = "Arkè/Plugins/phonegap-plugin-push/GCM/Libraries/libGcmLib.a"; sourceTree = "<group>"; fileEncoding = undefined; lastKnownFileType = archive.ar; explicitFileType = undefined; includeInIndex = 0; };
		C16F3DD3BE24405097427896 /* libProtocolBuffers.a */ = {isa = PBXFileReference; name = "libProtocolBuffers.a"; path = "Arkè/Plugins/phonegap-plugin-push/GCM/Libraries/libProtocolBuffers.a"; sourceTree = "<group>"; fileEncoding = undefined; lastKnownFileType = archive.ar; explicitFileType = undefined; includeInIndex = 0; };
		CDFF0EB8932F4AD1B7E613CD /* AppDelegate+notification.h */ = {isa = PBXFileReference; name = "AppDelegate+notification.h"; path = "phonegap-plugin-push/AppDelegate+notification.h"; sourceTree = "<group>"; fileEncoding = 4; lastKnownFileType = sourcecode.c.h; explicitFileType = undefined; includeInIndex = 0; };
		409E1E3921C8491D8481CE1B /* PushPlugin.h */ = {isa = PBXFileReference; name = "PushPlugin.h"; path = "phonegap-plugin-push/PushPlugin.h"; sourceTree = "<group>"; fileEncoding = 4; lastKnownFileType = sourcecode.c.h; explicitFileType = undefined; includeInIndex = 0; };
		88045E32EBC04463B5EA60B1 /* GGLInstanceID.h */ = {isa = PBXFileReference; name = "GGLInstanceID.h"; path = "phonegap-plugin-push/GCM/Headers/GGLInstanceID.h"; sourceTree = "<group>"; fileEncoding = 4; lastKnownFileType = sourcecode.c.h; explicitFileType = undefined; includeInIndex = 0; };
		205E6C1CC94C4E0DBADB9CAE /* GGLInstanceIDConfig.h */ = {isa = PBXFileReference; name = "GGLInstanceIDConfig.h"; path = "phonegap-plugin-push/GCM/Headers/GGLInstanceIDConfig.h"; sourceTree = "<group>"; fileEncoding = 4; lastKnownFileType = sourcecode.c.h; explicitFileType = undefined; includeInIndex = 0; };
		021D5A4990CB4DF3B333D65C /* GGLInstanceIDDelegate.h */ = {isa = PBXFileReference; name = "GGLInstanceIDDelegate.h"; path = "phonegap-plugin-push/GCM/Headers/GGLInstanceIDDelegate.h"; sourceTree = "<group>"; fileEncoding = 4; lastKnownFileType = sourcecode.c.h; explicitFileType = undefined; includeInIndex = 0; };
		ADE12765D26F417B8737118F /* GGLInstanceIDHeaders.h */ = {isa = PBXFileReference; name = "GGLInstanceIDHeaders.h"; path = "phonegap-plugin-push/GCM/Headers/GGLInstanceIDHeaders.h"; sourceTree = "<group>"; fileEncoding = 4; lastKnownFileType = sourcecode.c.h; explicitFileType = undefined; includeInIndex = 0; };
		669AE9DD733A40B78AFEFAE6 /* CloudMessaging.h */ = {isa = PBXFileReference; name = "CloudMessaging.h"; path = "phonegap-plugin-push/GCM/Headers/CloudMessaging.h"; sourceTree = "<group>"; fileEncoding = 4; lastKnownFileType = sourcecode.c.h; explicitFileType = undefined; includeInIndex = 0; };
		98A75BD8A13F4327BE38DC42 /* GGLContext+CloudMessaging.h */ = {isa = PBXFileReference; name = "GGLContext+CloudMessaging.h"; path = "phonegap-plugin-push/GCM/Headers/GGLContext+CloudMessaging.h"; sourceTree = "<group>"; fileEncoding = 4; lastKnownFileType = sourcecode.c.h; explicitFileType = undefined; includeInIndex = 0; };
		A2C6005443B34D44885D4560 /* Core.h */ = {isa = PBXFileReference; name = "Core.h"; path = "phonegap-plugin-push/GCM/Headers/Core.h"; sourceTree = "<group>"; fileEncoding = 4; lastKnownFileType = sourcecode.c.h; explicitFileType = undefined; includeInIndex = 0; };
		9EEEE31E84B648669F35BE34 /* GGLConfiguration.h */ = {isa = PBXFileReference; name = "GGLConfiguration.h"; path = "phonegap-plugin-push/GCM/Headers/GGLConfiguration.h"; sourceTree = "<group>"; fileEncoding = 4; lastKnownFileType = sourcecode.c.h; explicitFileType = undefined; includeInIndex = 0; };
		25072EA5EEA54CCCB6C74B42 /* GGLContext.h */ = {isa = PBXFileReference; name = "GGLContext.h"; path = "phonegap-plugin-push/GCM/Headers/GGLContext.h"; sourceTree = "<group>"; fileEncoding = 4; lastKnownFileType = sourcecode.c.h; explicitFileType = undefined; includeInIndex = 0; };
		C2EDC2F310A24308B81FA7A0 /* GGLErrorCode.h */ = {isa = PBXFileReference; name = "GGLErrorCode.h"; path = "phonegap-plugin-push/GCM/Headers/GGLErrorCode.h"; sourceTree = "<group>"; fileEncoding = 4; lastKnownFileType = sourcecode.c.h; explicitFileType = undefined; includeInIndex = 0; };
		87C2D00F89614AFAA226A9B2 /* GCMConfig.h */ = {isa = PBXFileReference; name = "GCMConfig.h"; path = "phonegap-plugin-push/GCM/Headers/GCMConfig.h"; sourceTree = "<group>"; fileEncoding = 4; lastKnownFileType = sourcecode.c.h; explicitFileType = undefined; includeInIndex = 0; };
		29FF4793495D44A69B2B1B22 /* GCMPubSub.h */ = {isa = PBXFileReference; name = "GCMPubSub.h"; path = "phonegap-plugin-push/GCM/Headers/GCMPubSub.h"; sourceTree = "<group>"; fileEncoding = 4; lastKnownFileType = sourcecode.c.h; explicitFileType = undefined; includeInIndex = 0; };
		4A6E73803EC44CEC90D1C9B7 /* GCMReceiverDelegate.h */ = {isa = PBXFileReference; name = "GCMReceiverDelegate.h"; path = "phonegap-plugin-push/GCM/Headers/GCMReceiverDelegate.h"; sourceTree = "<group>"; fileEncoding = 4; lastKnownFileType = sourcecode.c.h; explicitFileType = undefined; includeInIndex = 0; };
		6185C342F3B64D519F3BAC8B /* GCMService.h */ = {isa = PBXFileReference; name = "GCMService.h"; path = "phonegap-plugin-push/GCM/Headers/GCMService.h"; sourceTree = "<group>"; fileEncoding = 4; lastKnownFileType = sourcecode.c.h; explicitFileType = undefined; includeInIndex = 0; };
		6D1FDF8008434303B95A6B71 /* GoogleCloudMessaging.h */ = {isa = PBXFileReference; name = "GoogleCloudMessaging.h"; path = "phonegap-plugin-push/GCM/Headers/GoogleCloudMessaging.h"; sourceTree = "<group>"; fileEncoding = 4; lastKnownFileType = sourcecode.c.h; explicitFileType = undefined; includeInIndex = 0; };
		C1D666216B444F8DBA97078C /* AddressBook.framework */ = {isa = PBXFileReference; name = "AddressBook.framework"; path = "System/Library/Frameworks/AddressBook.framework"; sourceTree = SDKROOT; fileEncoding = undefined; lastKnownFileType = wrapper.framework; explicitFileType = undefined; includeInIndex = 0; };
		EF2F910AC54143F38BC11FCE /* libsqlite3.tbd */ = {isa = PBXFileReference; name = "libsqlite3.tbd"; path = "usr/lib/libsqlite3.tbd"; sourceTree = SDKROOT; fileEncoding = undefined; lastKnownFileType = sourcecode.text-based-dylib-definition; explicitFileType = undefined; includeInIndex = 0; };
		8A8FBBE59ADB4BA8B6BDDC20 /* libz.tbd */ = {isa = PBXFileReference; name = "libz.tbd"; path = "usr/lib/libz.tbd"; sourceTree = SDKROOT; fileEncoding = undefined; lastKnownFileType = sourcecode.text-based-dylib-definition; explicitFileType = undefined; includeInIndex = 0; };
		B49A69059AD1408B8D45DE3E /* CDVDevice.m */ = {isa = PBXFileReference; name = "CDVDevice.m"; path = "cordova-plugin-device/CDVDevice.m"; sourceTree = "<group>"; fileEncoding = 4; lastKnownFileType = sourcecode.c.objc; explicitFileType = undefined; includeInIndex = 0; };
		ABD6B2C45E404A83ABA1C645 /* CDVDevice.h */ = {isa = PBXFileReference; name = "CDVDevice.h"; path = "cordova-plugin-device/CDVDevice.h"; sourceTree = "<group>"; fileEncoding = 4; lastKnownFileType = sourcecode.c.h; explicitFileType = undefined; includeInIndex = 0; };
		0973BE2D76ED4CA2ABC399B6 /* CDVNotification.m */ = {isa = PBXFileReference; name = "CDVNotification.m"; path = "cordova-plugin-dialogs/CDVNotification.m"; sourceTree = "<group>"; fileEncoding = 4; lastKnownFileType = sourcecode.c.objc; explicitFileType = undefined; includeInIndex = 0; };
		A08B0E13D21042669BCDBCDB /* CDVNotification.h */ = {isa = PBXFileReference; name = "CDVNotification.h"; path = "cordova-plugin-dialogs/CDVNotification.h"; sourceTree = "<group>"; fileEncoding = 4; lastKnownFileType = sourcecode.c.h; explicitFileType = undefined; includeInIndex = 0; };
		A78FC7658C7147D4B997EC65 /* CDVNotification.bundle */ = {isa = PBXFileReference; name = "CDVNotification.bundle"; path = "CDVNotification.bundle"; sourceTree = "<group>"; fileEncoding = undefined; lastKnownFileType = wrapper.plug-in; explicitFileType = undefined; includeInIndex = 0; };
		FEEB3525DA3A40FEB17B1B01 /* AudioToolbox.framework */ = {isa = PBXFileReference; name = "AudioToolbox.framework"; path = "System/Library/Frameworks/AudioToolbox.framework"; sourceTree = SDKROOT; fileEncoding = undefined; lastKnownFileType = wrapper.framework; explicitFileType = undefined; includeInIndex = 0; };
		6F8CEE511EB84AA0A2315136 /* CDVInAppBrowser.m */ = {isa = PBXFileReference; name = "CDVInAppBrowser.m"; path = "cordova-plugin-inappbrowser/CDVInAppBrowser.m"; sourceTree = "<group>"; fileEncoding = 4; lastKnownFileType = sourcecode.c.objc; explicitFileType = undefined; includeInIndex = 0; };
		7FA9942035084D46A62922DB /* CDVInAppBrowser.h */ = {isa = PBXFileReference; name = "CDVInAppBrowser.h"; path = "cordova-plugin-inappbrowser/CDVInAppBrowser.h"; sourceTree = "<group>"; fileEncoding = 4; lastKnownFileType = sourcecode.c.h; explicitFileType = undefined; includeInIndex = 0; };
		7A70DF7433884A63A9C049CA /* CDVConnection.m */ = {isa = PBXFileReference; name = "CDVConnection.m"; path = "cordova-plugin-network-information/CDVConnection.m"; sourceTree = "<group>"; fileEncoding = 4; lastKnownFileType = sourcecode.c.objc; explicitFileType = undefined; includeInIndex = 0; };
		13AC7968FC624F3C9F56D1AD /* CDVReachability.m */ = {isa = PBXFileReference; name = "CDVReachability.m"; path = "cordova-plugin-network-information/CDVReachability.m"; sourceTree = "<group>"; fileEncoding = 4; lastKnownFileType = sourcecode.c.objc; explicitFileType = undefined; includeInIndex = 0; };
		366681F1186A4755A95CBCBB /* CDVConnection.h */ = {isa = PBXFileReference; name = "CDVConnection.h"; path = "cordova-plugin-network-information/CDVConnection.h"; sourceTree = "<group>"; fileEncoding = 4; lastKnownFileType = sourcecode.c.h; explicitFileType = undefined; includeInIndex = 0; };
		5DE0599F033C459583585DA9 /* CDVReachability.h */ = {isa = PBXFileReference; name = "CDVReachability.h"; path = "cordova-plugin-network-information/CDVReachability.h"; sourceTree = "<group>"; fileEncoding = 4; lastKnownFileType = sourcecode.c.h; explicitFileType = undefined; includeInIndex = 0; };
		D254EDC2FF3C44F589ED2AE4 /* SystemConfiguration.framework */ = {isa = PBXFileReference; name = "SystemConfiguration.framework"; path = "System/Library/Frameworks/SystemConfiguration.framework"; sourceTree = SDKROOT; fileEncoding = undefined; lastKnownFileType = wrapper.framework; explicitFileType = undefined; includeInIndex = 0; };
		D99FD141FF1A466BACB2B648 /* CoreTelephony.framework */ = {isa = PBXFileReference; name = "CoreTelephony.framework"; path = "System/Library/Frameworks/CoreTelephony.framework"; sourceTree = SDKROOT; fileEncoding = undefined; lastKnownFileType = wrapper.framework; explicitFileType = undefined; includeInIndex = 0; };
		930787663CD045A98675BE1C /* CDVStatusBar.m */ = {isa = PBXFileReference; name = "CDVStatusBar.m"; path = "cordova-plugin-statusbar/CDVStatusBar.m"; sourceTree = "<group>"; fileEncoding = 4; lastKnownFileType = sourcecode.c.objc; explicitFileType = undefined; includeInIndex = 0; };
		A1D41DB4E83C4651A06C813F /* CDVStatusBar.h */ = {isa = PBXFileReference; name = "CDVStatusBar.h"; path = "cordova-plugin-statusbar/CDVStatusBar.h"; sourceTree = "<group>"; fileEncoding = 4; lastKnownFileType = sourcecode.c.h; explicitFileType = undefined; includeInIndex = 0; };
/* End PBXFileReference section */

/* Begin PBXFrameworksBuildPhase section */
		1D60588F0D05DD3D006BFB54 /* Frameworks */ = {
			isa = PBXFrameworksBuildPhase;
			buildActionMask = 2147483647;
			files = (
				301BF552109A68D80062928A /* libCordova.a in Frameworks */,
				2989A22FC2F148408D613027 /* libGGLCloudMessaging.a in Frameworks */,
				6524DA7A558341439E8E9F26 /* libGGLCore.a in Frameworks */,
				B2894344D56D41128CDFA1AC /* libGGLInstanceIDLib.a in Frameworks */,
				951A4E6A28B448DC96B5D4D1 /* libGIP_Reachability.a in Frameworks */,
				4E92415B6064469D86E0D3F6 /* libGSDK_Overload.a in Frameworks */,
				297955AD738742F88CC43A34 /* libGTMSessionFetcher_core.a in Frameworks */,
				655ED0FB5A4A4F35A11FCCB2 /* libGTMSessionFetcher_full.a in Frameworks */,
				FD824AEA5D3C44BE801A0632 /* libGTMStackTrace.a in Frameworks */,
				E29D09A36E244EB3ADF46A57 /* libGTM_AddressBook.a in Frameworks */,
				56414DEE29194212B65F6E8F /* libGTM_DebugUtils.a in Frameworks */,
				4FAB3B0181C74D0DA0771A4F /* libGTM_GTMURLBuilder.a in Frameworks */,
				74E13AB84ED1483E92FBFA32 /* libGTM_KVO.a in Frameworks */,
				F4B14997E4AD4589AB6989E1 /* libGTM_NSData+zlib.a in Frameworks */,
				4427DA3BEE2A40449BF8856A /* libGTM_NSDictionary+URLArguments.a in Frameworks */,
				C4C9D60DF1EF4208AAE1B2AE /* libGTM_NSScannerJSON.a in Frameworks */,
				782678FC74EB4F87B5E17C48 /* libGTM_NSStringHTML.a in Frameworks */,
				D22F10CC1FEF444F91A28B1D /* libGTM_NSStringXML.a in Frameworks */,
				C01BC078B0F34CDEB46021F1 /* libGTM_Regex.a in Frameworks */,
				A6A80831905C4A29B6B3AC7D /* libGTM_RoundedRectPath.a in Frameworks */,
				907631F49C21417A81CB9D73 /* libGTM_StringEncoding.a in Frameworks */,
				51F67289E72D406D8378624B /* libGTM_SystemVersion.a in Frameworks */,
				72FD96AB52BD4EC3AA7F9609 /* libGTM_UIFont+LineHeight.a in Frameworks */,
				D11712B2A7BF416DAB84CBCF /* libGTM_core.a in Frameworks */,
				1A8B2E5FD8384464AEB24900 /* libGTM_iPhone.a in Frameworks */,
				8ED5A5F7CD5544588B07B5A1 /* libGcmLib.a in Frameworks */,
				5997D4213FAD4288BE95404B /* libProtocolBuffers.a in Frameworks */,
				C135D9739FA3410CAC51845C /* AddressBook.framework in Frameworks */,
				DB7AE7D512ED4EB986CC77B3 /* libsqlite3.tbd in Frameworks */,
				EA9599DAFE3C4F6288147188 /* libz.tbd in Frameworks */,
				8A7E2BD9506248C7AAE167D3 /* AudioToolbox.framework in Frameworks */,
				3453529E54494063AEBFFAA8 /* SystemConfiguration.framework in Frameworks */,
				D94C00E76A124B94AAF4B268 /* CoreTelephony.framework in Frameworks */,
			);
			runOnlyForDeploymentPostprocessing = 0;
		};
/* End PBXFrameworksBuildPhase section */

/* Begin PBXGroup section */
		080E96DDFE201D6D7F000001 /* Classes */ = {
			isa = PBXGroup;
			children = (
				302D95EE14D2391D003F00A1 /* MainViewController.h */,
				302D95EF14D2391D003F00A1 /* MainViewController.m */,
				302D95F014D2391D003F00A1 /* MainViewController.xib */,
				1D3623240D0F684500981E51 /* AppDelegate.h */,
				1D3623250D0F684500981E51 /* AppDelegate.m */,
			);
			name = Classes;
			path = "Arkè/Classes";
			sourceTree = SOURCE_ROOT;
		};
		19C28FACFE9D520D11CA2CBB /* Products */ = {
			isa = PBXGroup;
			children = (
				1D6058910D05DD3D006BFB54 /* Arkè.app */,
			);
			name = Products;
			sourceTree = "<group>";
		};
		29B97314FDCFA39411CA2CEA /* CustomTemplate */ = {
			isa = PBXGroup;
			children = (
				EB87FDF41871DAF40020F90C /* config.xml */,
				EB87FDF31871DA8E0020F90C /* www */,
				EB87FDF11871DA420020F90C /* Staging */,
				301BF52D109A57CC0062928A /* CordovaLib.xcodeproj */,
				080E96DDFE201D6D7F000001 /* Classes */,
				307C750510C5A3420062BCA9 /* Plugins */,
				29B97315FDCFA39411CA2CEA /* Other Sources */,
				29B97317FDCFA39411CA2CEA /* Resources */,
				29B97323FDCFA39411CA2CEA /* Frameworks */,
				19C28FACFE9D520D11CA2CBB /* Products */,
			);
			name = CustomTemplate;
			sourceTree = "<group>";
		};
		29B97315FDCFA39411CA2CEA /* Other Sources */ = {
			isa = PBXGroup;
			children = (
				32CA4F630368D1EE00C91783 /* Arkè-Prefix.pch */,
				29B97316FDCFA39411CA2CEA /* main.m */,
				ED33DF2A687741AEAF9F8254 /* Bridging-Header.h */,
			);
			name = "Other Sources";
			path = "Arkè";
			sourceTree = "<group>";
		};
		29B97317FDCFA39411CA2CEA /* Resources */ = {
			isa = PBXGroup;
			children = (
				0207DA571B56EA530066E2B4 /* Images.xcassets */,
				3047A50E1AB8057F00498E2A /* config */,
				8D1107310486CEB800E47090 /* Arkè-Info.plist */,
				6AFF5BF81D6E424B00AB3073 /* CDVLaunchScreen.storyboard */,
				A78FC7658C7147D4B997EC65 /* CDVNotification.bundle */,
			);
			name = Resources;
			path = "Arkè/Resources";
			sourceTree = "<group>";
		};
		29B97323FDCFA39411CA2CEA /* Frameworks */ = {
			isa = PBXGroup;
			children = (
				FF1B903B4C644E36B2B3E652 /* libGGLCloudMessaging.a */,
				7E93859608EA4F468A8DBE15 /* libGGLCore.a */,
				B2965885C45A449982EE4417 /* libGGLInstanceIDLib.a */,
				51766696D9E34DC18D8F6C6F /* libGIP_Reachability.a */,
				72C80FE1185D4C27AD176A35 /* libGSDK_Overload.a */,
				2C88242EB9674308AE4C81C3 /* libGTMSessionFetcher_core.a */,
				EC48EC501C1B4E68B2AFA2B7 /* libGTMSessionFetcher_full.a */,
				D747981A68064EDC940BE67A /* libGTMStackTrace.a */,
				510CEDA4F0DC4207BB75FCE4 /* libGTM_AddressBook.a */,
				9A08DF28F7FD4237912FB2AF /* libGTM_DebugUtils.a */,
				F2B844A4210C4DC2AF51D2C2 /* libGTM_GTMURLBuilder.a */,
				5186B7A0212D45FD93BF5DFF /* libGTM_KVO.a */,
				ACCF79374BC64ADFBC0DFEF1 /* libGTM_NSData+zlib.a */,
				C9FC46326D4C449E80AFA562 /* libGTM_NSDictionary+URLArguments.a */,
				D8F2F901B2D74C94847BF947 /* libGTM_NSScannerJSON.a */,
				BFFECB6994574CD09E51E347 /* libGTM_NSStringHTML.a */,
				DB1FE737F4D84A178A41F5FE /* libGTM_NSStringXML.a */,
				23F27627726A4DE0AEF58D44 /* libGTM_Regex.a */,
				7216AADFE6B140E4B9944C9E /* libGTM_RoundedRectPath.a */,
				649E559F7CC74CB8B5BD2172 /* libGTM_StringEncoding.a */,
				1762E748024C4D798A2A0AB6 /* libGTM_SystemVersion.a */,
				B496CCEDCE2D42239C3379BF /* libGTM_UIFont+LineHeight.a */,
				AFA53366CD9647FD80991195 /* libGTM_core.a */,
				52396F9DD611455DBA8701E7 /* libGTM_iPhone.a */,
				D05CC0EABCF54A0C97179F34 /* libGcmLib.a */,
				C16F3DD3BE24405097427896 /* libProtocolBuffers.a */,
				C1D666216B444F8DBA97078C /* AddressBook.framework */,
				EF2F910AC54143F38BC11FCE /* libsqlite3.tbd */,
				8A8FBBE59ADB4BA8B6BDDC20 /* libz.tbd */,
				FEEB3525DA3A40FEB17B1B01 /* AudioToolbox.framework */,
				D254EDC2FF3C44F589ED2AE4 /* SystemConfiguration.framework */,
				D99FD141FF1A466BACB2B648 /* CoreTelephony.framework */,
			);
			name = Frameworks;
			sourceTree = "<group>";
		};
		301BF52E109A57CC0062928A /* Products */ = {
			isa = PBXGroup;
			children = (
				301BF535109A57CC0062928A /* libCordova.a */,
			);
			name = Products;
			sourceTree = "<group>";
		};
		3047A50E1AB8057F00498E2A /* config */ = {
			isa = PBXGroup;
			children = (
				3047A50F1AB8059700498E2A /* build-debug.xcconfig */,
				3047A5101AB8059700498E2A /* build-release.xcconfig */,
				3047A5111AB8059700498E2A /* build.xcconfig */,
			);
			name = config;
			sourceTree = "<group>";
		};
		307C750510C5A3420062BCA9 /* Plugins */ = {
			isa = PBXGroup;
			children = (
				190A93D994A94D62B2887117 /* AppDelegate+notification.m */,
				46A28F55839049AE801A6B8B /* PushPlugin.m */,
				CDFF0EB8932F4AD1B7E613CD /* AppDelegate+notification.h */,
				409E1E3921C8491D8481CE1B /* PushPlugin.h */,
				88045E32EBC04463B5EA60B1 /* GGLInstanceID.h */,
				205E6C1CC94C4E0DBADB9CAE /* GGLInstanceIDConfig.h */,
				021D5A4990CB4DF3B333D65C /* GGLInstanceIDDelegate.h */,
				ADE12765D26F417B8737118F /* GGLInstanceIDHeaders.h */,
				669AE9DD733A40B78AFEFAE6 /* CloudMessaging.h */,
				98A75BD8A13F4327BE38DC42 /* GGLContext+CloudMessaging.h */,
				A2C6005443B34D44885D4560 /* Core.h */,
				9EEEE31E84B648669F35BE34 /* GGLConfiguration.h */,
				25072EA5EEA54CCCB6C74B42 /* GGLContext.h */,
				C2EDC2F310A24308B81FA7A0 /* GGLErrorCode.h */,
				87C2D00F89614AFAA226A9B2 /* GCMConfig.h */,
				29FF4793495D44A69B2B1B22 /* GCMPubSub.h */,
				4A6E73803EC44CEC90D1C9B7 /* GCMReceiverDelegate.h */,
				6185C342F3B64D519F3BAC8B /* GCMService.h */,
				6D1FDF8008434303B95A6B71 /* GoogleCloudMessaging.h */,
				B49A69059AD1408B8D45DE3E /* CDVDevice.m */,
				ABD6B2C45E404A83ABA1C645 /* CDVDevice.h */,
				0973BE2D76ED4CA2ABC399B6 /* CDVNotification.m */,
				A08B0E13D21042669BCDBCDB /* CDVNotification.h */,
				6F8CEE511EB84AA0A2315136 /* CDVInAppBrowser.m */,
				7FA9942035084D46A62922DB /* CDVInAppBrowser.h */,
				7A70DF7433884A63A9C049CA /* CDVConnection.m */,
				13AC7968FC624F3C9F56D1AD /* CDVReachability.m */,
				366681F1186A4755A95CBCBB /* CDVConnection.h */,
				5DE0599F033C459583585DA9 /* CDVReachability.h */,
				930787663CD045A98675BE1C /* CDVStatusBar.m */,
				A1D41DB4E83C4651A06C813F /* CDVStatusBar.h */,
			);
			name = Plugins;
			path = "Arkè/Plugins";
			sourceTree = SOURCE_ROOT;
		};
		EB87FDF11871DA420020F90C /* Staging */ = {
			isa = PBXGroup;
			children = (
				F840E1F0165FE0F500CFE078 /* config.xml */,
				301BF56E109A69640062928A /* www */,
			);
			name = Staging;
			sourceTree = "<group>";
		};
/* End PBXGroup section */

/* Begin PBXNativeTarget section */
		1D6058900D05DD3D006BFB54 /* Arkè */ = {
			isa = PBXNativeTarget;
			buildConfigurationList = 1D6058960D05DD3E006BFB54 /* Build configuration list for PBXNativeTarget "Arkè" */;
			buildPhases = (
				304B58A110DAC018002A0835 /* Copy www directory */,
				1D60588D0D05DD3D006BFB54 /* Resources */,
				1D60588E0D05DD3D006BFB54 /* Sources */,
				1D60588F0D05DD3D006BFB54 /* Frameworks */,
			);
			buildRules = (
			);
			dependencies = (
				301BF551109A68C00062928A /* PBXTargetDependency */,
			);
			name = "Arkè";
			productName = "Arkè";
			productReference = 1D6058910D05DD3D006BFB54 /* Arkè.app */;
			productType = "com.apple.product-type.application";
		};
/* End PBXNativeTarget section */

/* Begin PBXProject section */
		29B97313FDCFA39411CA2CEA /* Project object */ = {
			isa = PBXProject;
			attributes = {
				LastUpgradeCheck = 510;
			};
			buildConfigurationList = C01FCF4E08A954540054247B /* Build configuration list for PBXProject "__NON-CLI__" */;
			compatibilityVersion = "Xcode 3.2";
			developmentRegion = English;
			hasScannedForEncodings = 1;
			mainGroup = 29B97314FDCFA39411CA2CEA /* CustomTemplate */;
			projectDirPath = "";
			projectReferences = (
				{
					ProductGroup = 301BF52E109A57CC0062928A /* Products */;
					ProjectRef = 301BF52D109A57CC0062928A /* CordovaLib.xcodeproj */;
				},
			);
			projectRoot = "";
			targets = (
				1D6058900D05DD3D006BFB54 /* Arkè */,
			);
		};
/* End PBXProject section */

/* Begin PBXReferenceProxy section */
		301BF535109A57CC0062928A /* libCordova.a */ = {
			isa = PBXReferenceProxy;
			fileType = archive.ar;
			path = libCordova.a;
			remoteRef = 301BF534109A57CC0062928A /* PBXContainerItemProxy */;
			sourceTree = BUILT_PRODUCTS_DIR;
		};
/* End PBXReferenceProxy section */

/* Begin PBXResourcesBuildPhase section */
		1D60588D0D05DD3D006BFB54 /* Resources */ = {
			isa = PBXResourcesBuildPhase;
			buildActionMask = 2147483647;
			files = (
				302D95F214D2391D003F00A1 /* MainViewController.xib in Resources */,
				0207DA581B56EA530066E2B4 /* Images.xcassets in Resources */,
				6AFF5BF91D6E424B00AB3073 /* CDVLaunchScreen.storyboard in Resources */,
				707B80F604914A05BF2FEAB3 /* CDVNotification.bundle in Resources */,
			);
			runOnlyForDeploymentPostprocessing = 0;
		};
/* End PBXResourcesBuildPhase section */

/* Begin PBXShellScriptBuildPhase section */
		304B58A110DAC018002A0835 /* Copy www directory */ = {
			isa = PBXShellScriptBuildPhase;
			buildActionMask = 2147483647;
			files = (
			);
			inputPaths = (
			);
			name = "Copy www directory";
			outputPaths = (
			);
			runOnlyForDeploymentPostprocessing = 0;
			shellPath = /bin/sh;
			shellScript = "NODEJS_PATH=/usr/local/bin; NVM_NODE_PATH=~/.nvm/versions/node/`nvm version 2>/dev/null`/bin; N_NODE_PATH=`find /usr/local/n/versions/node/* -maxdepth 0 -type d 2>/dev/null | tail -1`/bin; XCODE_NODE_PATH=`xcode-select --print-path`/usr/share/xcs/Node/bin; PATH=$NODEJS_PATH:$NVM_NODE_PATH:$N_NODE_PATH:$XCODE_NODE_PATH:$PATH && node cordova/lib/copy-www-build-step.js";
			showEnvVarsInLog = 0;
		};
/* End PBXShellScriptBuildPhase section */

/* Begin PBXSourcesBuildPhase section */
		1D60588E0D05DD3D006BFB54 /* Sources */ = {
			isa = PBXSourcesBuildPhase;
			buildActionMask = 2147483647;
			files = (
				1D60589B0D05DD56006BFB54 /* main.m in Sources */,
				1D3623260D0F684500981E51 /* AppDelegate.m in Sources */,
				302D95F114D2391D003F00A1 /* MainViewController.m in Sources */,
				E14A192D17AA428D92E25A5F /* AppDelegate+notification.m in Sources */,
				E0AAFB20AA57462AA1304E1F /* PushPlugin.m in Sources */,
				D64409045C7043C09FD1320C /* CDVDevice.m in Sources */,
				6958CEE005BE4A53A0CF3637 /* CDVNotification.m in Sources */,
				F906BEA15C0D4C79BA71D30F /* CDVInAppBrowser.m in Sources */,
				12E87ACEFF9C42A8BAC9C1AC /* CDVConnection.m in Sources */,
				A642C6A3327B4480B9D8B97B /* CDVReachability.m in Sources */,
				66EC448D41A74F95AC61C763 /* CDVStatusBar.m in Sources */,
			);
			runOnlyForDeploymentPostprocessing = 0;
		};
/* End PBXSourcesBuildPhase section */

/* Begin PBXTargetDependency section */
		301BF551109A68C00062928A /* PBXTargetDependency */ = {
			isa = PBXTargetDependency;
			name = CordovaLib;
			targetProxy = 301BF550109A68C00062928A /* PBXContainerItemProxy */;
		};
/* End PBXTargetDependency section */

/* Begin XCBuildConfiguration section */
		1D6058940D05DD3E006BFB54 /* Debug */ = {
			isa = XCBuildConfiguration;
			baseConfigurationReference = 3047A50F1AB8059700498E2A /* build-debug.xcconfig */;
			buildSettings = {
				ALWAYS_SEARCH_USER_PATHS = NO;
				ASSETCATALOG_COMPILER_APPICON_NAME = AppIcon;
				ASSETCATALOG_COMPILER_LAUNCHIMAGE_NAME = LaunchImage;
				CLANG_ENABLE_MODULES = YES;
				CLANG_ENABLE_OBJC_ARC = YES;
				COPY_PHASE_STRIP = NO;
				GCC_DYNAMIC_NO_PIC = NO;
				GCC_OPTIMIZATION_LEVEL = 0;
				GCC_PRECOMPILE_PREFIX_HEADER = YES;
				GCC_PREFIX_HEADER = "Arkè/Arkè-Prefix.pch";
				GCC_THUMB_SUPPORT = NO;
				GCC_VERSION = "";
				INFOPLIST_FILE = "Arkè/Arkè-Info.plist";
				IPHONEOS_DEPLOYMENT_TARGET = 8.0;
				LD_RUNPATH_SEARCH_PATHS = "@executable_path/Frameworks";
				TARGETED_DEVICE_FAMILY = "1,2";
				PRODUCT_NAME = "Arkè";
				LIBRARY_SEARCH_PATHS = (
					"$(inherited)",
					"\"$(SRCROOT)/Arkè/Plugins/phonegap-plugin-push/GCM/Libraries\"",
					"\"$(SRCROOT)/Arkè/Plugins/phonegap-plugin-push/GCM/Libraries\"",
					"\"$(SRCROOT)/Arkè/Plugins/phonegap-plugin-push/GCM/Libraries\"",
					"\"$(SRCROOT)/Arkè/Plugins/phonegap-plugin-push/GCM/Libraries\"",
					"\"$(SRCROOT)/Arkè/Plugins/phonegap-plugin-push/GCM/Libraries\"",
					"\"$(SRCROOT)/Arkè/Plugins/phonegap-plugin-push/GCM/Libraries\"",
					"\"$(SRCROOT)/Arkè/Plugins/phonegap-plugin-push/GCM/Libraries\"",
					"\"$(SRCROOT)/Arkè/Plugins/phonegap-plugin-push/GCM/Libraries\"",
					"\"$(SRCROOT)/Arkè/Plugins/phonegap-plugin-push/GCM/Libraries\"",
					"\"$(SRCROOT)/Arkè/Plugins/phonegap-plugin-push/GCM/Libraries\"",
					"\"$(SRCROOT)/Arkè/Plugins/phonegap-plugin-push/GCM/Libraries\"",
					"\"$(SRCROOT)/Arkè/Plugins/phonegap-plugin-push/GCM/Libraries\"",
					"\"$(SRCROOT)/Arkè/Plugins/phonegap-plugin-push/GCM/Libraries\"",
					"\"$(SRCROOT)/Arkè/Plugins/phonegap-plugin-push/GCM/Libraries\"",
					"\"$(SRCROOT)/Arkè/Plugins/phonegap-plugin-push/GCM/Libraries\"",
					"\"$(SRCROOT)/Arkè/Plugins/phonegap-plugin-push/GCM/Libraries\"",
					"\"$(SRCROOT)/Arkè/Plugins/phonegap-plugin-push/GCM/Libraries\"",
					"\"$(SRCROOT)/Arkè/Plugins/phonegap-plugin-push/GCM/Libraries\"",
					"\"$(SRCROOT)/Arkè/Plugins/phonegap-plugin-push/GCM/Libraries\"",
					"\"$(SRCROOT)/Arkè/Plugins/phonegap-plugin-push/GCM/Libraries\"",
					"\"$(SRCROOT)/Arkè/Plugins/phonegap-plugin-push/GCM/Libraries\"",
					"\"$(SRCROOT)/Arkè/Plugins/phonegap-plugin-push/GCM/Libraries\"",
					"\"$(SRCROOT)/Arkè/Plugins/phonegap-plugin-push/GCM/Libraries\"",
					"\"$(SRCROOT)/Arkè/Plugins/phonegap-plugin-push/GCM/Libraries\"",
					"\"$(SRCROOT)/Arkè/Plugins/phonegap-plugin-push/GCM/Libraries\"",
					"\"$(SRCROOT)/Arkè/Plugins/phonegap-plugin-push/GCM/Libraries\"",
				);
			};
			name = Debug;
		};
		1D6058950D05DD3E006BFB54 /* Release */ = {
			isa = XCBuildConfiguration;
			baseConfigurationReference = 3047A5101AB8059700498E2A /* build-release.xcconfig */;
			buildSettings = {
				ALWAYS_SEARCH_USER_PATHS = NO;
				ASSETCATALOG_COMPILER_APPICON_NAME = AppIcon;
				ASSETCATALOG_COMPILER_LAUNCHIMAGE_NAME = LaunchImage;
				CLANG_ENABLE_MODULES = YES;
				CLANG_ENABLE_OBJC_ARC = YES;
				COPY_PHASE_STRIP = YES;
				GCC_PRECOMPILE_PREFIX_HEADER = YES;
				GCC_PREFIX_HEADER = "Arkè/Arkè-Prefix.pch";
				GCC_THUMB_SUPPORT = NO;
				GCC_VERSION = "";
				INFOPLIST_FILE = "Arkè/Arkè-Info.plist";
				IPHONEOS_DEPLOYMENT_TARGET = 8.0;
				LD_RUNPATH_SEARCH_PATHS = "@executable_path/Frameworks";
				TARGETED_DEVICE_FAMILY = "1,2";
				PRODUCT_NAME = "Arkè";
				LIBRARY_SEARCH_PATHS = (
					"$(inherited)",
					"\"$(SRCROOT)/Arkè/Plugins/phonegap-plugin-push/GCM/Libraries\"",
					"\"$(SRCROOT)/Arkè/Plugins/phonegap-plugin-push/GCM/Libraries\"",
					"\"$(SRCROOT)/Arkè/Plugins/phonegap-plugin-push/GCM/Libraries\"",
					"\"$(SRCROOT)/Arkè/Plugins/phonegap-plugin-push/GCM/Libraries\"",
					"\"$(SRCROOT)/Arkè/Plugins/phonegap-plugin-push/GCM/Libraries\"",
					"\"$(SRCROOT)/Arkè/Plugins/phonegap-plugin-push/GCM/Libraries\"",
					"\"$(SRCROOT)/Arkè/Plugins/phonegap-plugin-push/GCM/Libraries\"",
					"\"$(SRCROOT)/Arkè/Plugins/phonegap-plugin-push/GCM/Libraries\"",
					"\"$(SRCROOT)/Arkè/Plugins/phonegap-plugin-push/GCM/Libraries\"",
					"\"$(SRCROOT)/Arkè/Plugins/phonegap-plugin-push/GCM/Libraries\"",
					"\"$(SRCROOT)/Arkè/Plugins/phonegap-plugin-push/GCM/Libraries\"",
					"\"$(SRCROOT)/Arkè/Plugins/phonegap-plugin-push/GCM/Libraries\"",
					"\"$(SRCROOT)/Arkè/Plugins/phonegap-plugin-push/GCM/Libraries\"",
					"\"$(SRCROOT)/Arkè/Plugins/phonegap-plugin-push/GCM/Libraries\"",
					"\"$(SRCROOT)/Arkè/Plugins/phonegap-plugin-push/GCM/Libraries\"",
					"\"$(SRCROOT)/Arkè/Plugins/phonegap-plugin-push/GCM/Libraries\"",
					"\"$(SRCROOT)/Arkè/Plugins/phonegap-plugin-push/GCM/Libraries\"",
					"\"$(SRCROOT)/Arkè/Plugins/phonegap-plugin-push/GCM/Libraries\"",
					"\"$(SRCROOT)/Arkè/Plugins/phonegap-plugin-push/GCM/Libraries\"",
					"\"$(SRCROOT)/Arkè/Plugins/phonegap-plugin-push/GCM/Libraries\"",
					"\"$(SRCROOT)/Arkè/Plugins/phonegap-plugin-push/GCM/Libraries\"",
					"\"$(SRCROOT)/Arkè/Plugins/phonegap-plugin-push/GCM/Libraries\"",
					"\"$(SRCROOT)/Arkè/Plugins/phonegap-plugin-push/GCM/Libraries\"",
					"\"$(SRCROOT)/Arkè/Plugins/phonegap-plugin-push/GCM/Libraries\"",
					"\"$(SRCROOT)/Arkè/Plugins/phonegap-plugin-push/GCM/Libraries\"",
					"\"$(SRCROOT)/Arkè/Plugins/phonegap-plugin-push/GCM/Libraries\"",
				);
			};
			name = Release;
		};
		C01FCF4F08A954540054247B /* Debug */ = {
			isa = XCBuildConfiguration;
			baseConfigurationReference = 3047A5111AB8059700498E2A /* build.xcconfig */;
			buildSettings = {
				CLANG_ENABLE_MODULES = YES;
				CLANG_ENABLE_OBJC_ARC = YES;
				CLANG_WARN_BOOL_CONVERSION = YES;
				CLANG_WARN_CONSTANT_CONVERSION = YES;
				CLANG_WARN_EMPTY_BODY = YES;
				CLANG_WARN_ENUM_CONVERSION = YES;
				CLANG_WARN_INT_CONVERSION = YES;
				CLANG_WARN__DUPLICATE_METHOD_MATCH = YES;
				GCC_C_LANGUAGE_STANDARD = c99;
				GCC_THUMB_SUPPORT = NO;
				GCC_VERSION = "";
				GCC_WARN_ABOUT_RETURN_TYPE = YES;
				GCC_WARN_UNDECLARED_SELECTOR = YES;
				GCC_WARN_UNINITIALIZED_AUTOS = YES;
				GCC_WARN_UNUSED_FUNCTION = YES;
				GCC_WARN_UNUSED_VARIABLE = YES;
				ONLY_ACTIVE_ARCH = YES;
				SDKROOT = iphoneos;
				SKIP_INSTALL = NO;
				TARGETED_DEVICE_FAMILY = "1,2";
				ASSETCATALOG_COMPILER_LAUNCHIMAGE_NAME = LaunchImage;
			};
			name = Debug;
		};
		C01FCF5008A954540054247B /* Release */ = {
			isa = XCBuildConfiguration;
			baseConfigurationReference = 3047A5111AB8059700498E2A /* build.xcconfig */;
			buildSettings = {
				CLANG_ENABLE_MODULES = YES;
				CLANG_ENABLE_OBJC_ARC = YES;
				CLANG_WARN_BOOL_CONVERSION = YES;
				CLANG_WARN_CONSTANT_CONVERSION = YES;
				CLANG_WARN_EMPTY_BODY = YES;
				CLANG_WARN_ENUM_CONVERSION = YES;
				CLANG_WARN_INT_CONVERSION = YES;
				CLANG_WARN__DUPLICATE_METHOD_MATCH = YES;
				GCC_C_LANGUAGE_STANDARD = c99;
				GCC_THUMB_SUPPORT = NO;
				GCC_VERSION = "";
				GCC_WARN_ABOUT_RETURN_TYPE = YES;
				GCC_WARN_UNDECLARED_SELECTOR = YES;
				GCC_WARN_UNINITIALIZED_AUTOS = YES;
				GCC_WARN_UNUSED_FUNCTION = YES;
				GCC_WARN_UNUSED_VARIABLE = YES;
				SDKROOT = iphoneos;
				SKIP_INSTALL = NO;
				TARGETED_DEVICE_FAMILY = "1,2";
				ASSETCATALOG_COMPILER_LAUNCHIMAGE_NAME = LaunchImage;
			};
			name = Release;
		};
/* End XCBuildConfiguration section */

/* Begin XCConfigurationList section */
		1D6058960D05DD3E006BFB54 /* Build configuration list for PBXNativeTarget "Arkè" */ = {
			isa = XCConfigurationList;
			buildConfigurations = (
				1D6058940D05DD3E006BFB54 /* Debug */,
				1D6058950D05DD3E006BFB54 /* Release */,
			);
			defaultConfigurationIsVisible = 0;
			defaultConfigurationName = Release;
		};
		C01FCF4E08A954540054247B /* Build configuration list for PBXProject "__NON-CLI__" */ = {
			isa = XCConfigurationList;
			buildConfigurations = (
				C01FCF4F08A954540054247B /* Debug */,
				C01FCF5008A954540054247B /* Release */,
			);
			defaultConfigurationIsVisible = 0;
			defaultConfigurationName = Release;
		};
/* End XCConfigurationList section */
	};
	rootObject = 29B97313FDCFA39411CA2CEA /* Project object */;
}
